// !$*UTF8*$!
{
	archiveVersion = 1;
	classes = {
	};
	objectVersion = 46;
	objects = {

/* Begin PBXBuildFile section */
		07E35C8A1A2E2CA500CA606C /* AppDelegate.swift in Sources */ = {isa = PBXBuildFile; fileRef = 07E35C891A2E2CA500CA606C /* AppDelegate.swift */; };
		07E35C8D1A2E2CA500CA606C /* CoreDataSample1.xcdatamodeld in Sources */ = {isa = PBXBuildFile; fileRef = 07E35C8B1A2E2CA500CA606C /* CoreDataSample1.xcdatamodeld */; };
		07E35C8F1A2E2CA500CA606C /* ViewController.swift in Sources */ = {isa = PBXBuildFile; fileRef = 07E35C8E1A2E2CA500CA606C /* ViewController.swift */; };
		07E35C921A2E2CA500CA606C /* Main.storyboard in Resources */ = {isa = PBXBuildFile; fileRef = 07E35C901A2E2CA500CA606C /* Main.storyboard */; };
		07E35C941A2E2CA500CA606C /* Images.xcassets in Resources */ = {isa = PBXBuildFile; fileRef = 07E35C931A2E2CA500CA606C /* Images.xcassets */; };
		07E35C971A2E2CA500CA606C /* LaunchScreen.xib in Resources */ = {isa = PBXBuildFile; fileRef = 07E35C951A2E2CA500CA606C /* LaunchScreen.xib */; };
		07E35CA31A2E2CA500CA606C /* CoreDataSample1Tests.swift in Sources */ = {isa = PBXBuildFile; fileRef = 07E35CA21A2E2CA500CA606C /* CoreDataSample1Tests.swift */; };
		07E35CB41A2E2F0500CA606C /* djTux.png in Resources */ = {isa = PBXBuildFile; fileRef = 07E35CAC1A2E2F0500CA606C /* djTux.png */; };
		07E35CB51A2E2F0500CA606C /* einsteinTux.png in Resources */ = {isa = PBXBuildFile; fileRef = 07E35CAD1A2E2F0500CA606C /* einsteinTux.png */; };
		07E35CB61A2E2F0500CA606C /* indianaTux.png in Resources */ = {isa = PBXBuildFile; fileRef = 07E35CAE1A2E2F0500CA606C /* indianaTux.png */; };
		07E35CB71A2E2F0500CA606C /* matrixTux.png in Resources */ = {isa = PBXBuildFile; fileRef = 07E35CAF1A2E2F0500CA606C /* matrixTux.png */; };
		07E35CB81A2E2F0500CA606C /* ramboTux.png in Resources */ = {isa = PBXBuildFile; fileRef = 07E35CB01A2E2F0500CA606C /* ramboTux.png */; };
		07E35CB91A2E2F0500CA606C /* samouraiTux.png in Resources */ = {isa = PBXBuildFile; fileRef = 07E35CB11A2E2F0500CA606C /* samouraiTux.png */; };
		07E35CBA1A2E2F0500CA606C /* scienceTux.png in Resources */ = {isa = PBXBuildFile; fileRef = 07E35CB21A2E2F0500CA606C /* scienceTux.png */; };
		07E35CBB1A2E2F0500CA606C /* yodaTux.png in Resources */ = {isa = PBXBuildFile; fileRef = 07E35CB31A2E2F0500CA606C /* yodaTux.png */; };
		07E35CBE1A2E2F7E00CA606C /* CoreData.framework in Frameworks */ = {isa = PBXBuildFile; fileRef = 07E35CBD1A2E2F7E00CA606C /* CoreData.framework */; };
/* End PBXBuildFile section */

/* Begin PBXContainerItemProxy section */
		07E35C9D1A2E2CA500CA606C /* PBXContainerItemProxy */ = {
			isa = PBXContainerItemProxy;
			containerPortal = 07E35C7C1A2E2CA500CA606C /* Project object */;
			proxyType = 1;
			remoteGlobalIDString = 07E35C831A2E2CA500CA606C;
			remoteInfo = CoreDataSample1;
		};
/* End PBXContainerItemProxy section */

/* Begin PBXFileReference section */
		07E35C841A2E2CA500CA606C /* CoreDataSample1.app */ = {isa = PBXFileReference; explicitFileType = wrapper.application; includeInIndex = 0; path = CoreDataSample1.app; sourceTree = BUILT_PRODUCTS_DIR; };
		07E35C881A2E2CA500CA606C /* Info.plist */ = {isa = PBXFileReference; lastKnownFileType = text.plist.xml; path = Info.plist; sourceTree = "<group>"; };
		07E35C891A2E2CA500CA606C /* AppDelegate.swift */ = {isa = PBXFileReference; lastKnownFileType = sourcecode.swift; path = AppDelegate.swift; sourceTree = "<group>"; };
		07E35C8C1A2E2CA500CA606C /* CoreDataSample1.xcdatamodel */ = {isa = PBXFileReference; lastKnownFileType = wrapper.xcdatamodel; path = CoreDataSample1.xcdatamodel; sourceTree = "<group>"; };
		07E35C8E1A2E2CA500CA606C /* ViewController.swift */ = {isa = PBXFileReference; lastKnownFileType = sourcecode.swift; path = ViewController.swift; sourceTree = "<group>"; };
		07E35C911A2E2CA500CA606C /* Base */ = {isa = PBXFileReference; lastKnownFileType = file.storyboard; name = Base; path = Base.lproj/Main.storyboard; sourceTree = "<group>"; };
		07E35C931A2E2CA500CA606C /* Images.xcassets */ = {isa = PBXFileReference; lastKnownFileType = folder.assetcatalog; path = Images.xcassets; sourceTree = "<group>"; };
		07E35C961A2E2CA500CA606C /* Base */ = {isa = PBXFileReference; lastKnownFileType = file.xib; name = Base; path = Base.lproj/LaunchScreen.xib; sourceTree = "<group>"; };
		07E35C9C1A2E2CA500CA606C /* CoreDataSample1Tests.xctest */ = {isa = PBXFileReference; explicitFileType = wrapper.cfbundle; includeInIndex = 0; path = CoreDataSample1Tests.xctest; sourceTree = BUILT_PRODUCTS_DIR; };
		07E35CA11A2E2CA500CA606C /* Info.plist */ = {isa = PBXFileReference; lastKnownFileType = text.plist.xml; path = Info.plist; sourceTree = "<group>"; };
		07E35CA21A2E2CA500CA606C /* CoreDataSample1Tests.swift */ = {isa = PBXFileReference; lastKnownFileType = sourcecode.swift; path = CoreDataSample1Tests.swift; sourceTree = "<group>"; };
		07E35CAC1A2E2F0500CA606C /* djTux.png */ = {isa = PBXFileReference; lastKnownFileType = image.png; path = djTux.png; sourceTree = "<group>"; };
		07E35CAD1A2E2F0500CA606C /* einsteinTux.png */ = {isa = PBXFileReference; lastKnownFileType = image.png; path = einsteinTux.png; sourceTree = "<group>"; };
		07E35CAE1A2E2F0500CA606C /* indianaTux.png */ = {isa = PBXFileReference; lastKnownFileType = image.png; path = indianaTux.png; sourceTree = "<group>"; };
		07E35CAF1A2E2F0500CA606C /* matrixTux.png */ = {isa = PBXFileReference; lastKnownFileType = image.png; path = matrixTux.png; sourceTree = "<group>"; };
		07E35CB01A2E2F0500CA606C /* ramboTux.png */ = {isa = PBXFileReference; lastKnownFileType = image.png; path = ramboTux.png; sourceTree = "<group>"; };
		07E35CB11A2E2F0500CA606C /* samouraiTux.png */ = {isa = PBXFileReference; lastKnownFileType = image.png; path = samouraiTux.png; sourceTree = "<group>"; };
		07E35CB21A2E2F0500CA606C /* scienceTux.png */ = {isa = PBXFileReference; lastKnownFileType = image.png; path = scienceTux.png; sourceTree = "<group>"; };
		07E35CB31A2E2F0500CA606C /* yodaTux.png */ = {isa = PBXFileReference; lastKnownFileType = image.png; path = yodaTux.png; sourceTree = "<group>"; };
		07E35CBD1A2E2F7E00CA606C /* CoreData.framework */ = {isa = PBXFileReference; lastKnownFileType = wrapper.framework; name = CoreData.framework; path = System/Library/Frameworks/CoreData.framework; sourceTree = SDKROOT; };
/* End PBXFileReference section */

/* Begin PBXFrameworksBuildPhase section */
		07E35C811A2E2CA500CA606C /* Frameworks */ = {
			isa = PBXFrameworksBuildPhase;
			buildActionMask = 2147483647;
			files = (
				07E35CBE1A2E2F7E00CA606C /* CoreData.framework in Frameworks */,
			);
			runOnlyForDeploymentPostprocessing = 0;
		};
		07E35C991A2E2CA500CA606C /* Frameworks */ = {
			isa = PBXFrameworksBuildPhase;
			buildActionMask = 2147483647;
			files = (
			);
			runOnlyForDeploymentPostprocessing = 0;
		};
/* End PBXFrameworksBuildPhase section */

/* Begin PBXGroup section */
		07E35C7B1A2E2CA500CA606C = {
			isa = PBXGroup;
			children = (
				07E35CBD1A2E2F7E00CA606C /* CoreData.framework */,
				07E35C861A2E2CA500CA606C /* CoreDataSample1 */,
				07E35C9F1A2E2CA500CA606C /* CoreDataSample1Tests */,
				07E35C851A2E2CA500CA606C /* Products */,
			);
			sourceTree = "<group>";
		};
		07E35C851A2E2CA500CA606C /* Products */ = {
			isa = PBXGroup;
			children = (
				07E35C841A2E2CA500CA606C /* CoreDataSample1.app */,
				07E35C9C1A2E2CA500CA606C /* CoreDataSample1Tests.xctest */,
			);
			name = Products;
			sourceTree = "<group>";
		};
		07E35C861A2E2CA500CA606C /* CoreDataSample1 */ = {
			isa = PBXGroup;
			children = (
				07E35CBC1A2E2F0D00CA606C /* images */,
				07E35C891A2E2CA500CA606C /* AppDelegate.swift */,
				07E35C8E1A2E2CA500CA606C /* ViewController.swift */,
				07E35C901A2E2CA500CA606C /* Main.storyboard */,
				07E35C931A2E2CA500CA606C /* Images.xcassets */,
				07E35C951A2E2CA500CA606C /* LaunchScreen.xib */,
				07E35C8B1A2E2CA500CA606C /* CoreDataSample1.xcdatamodeld */,
				07E35C871A2E2CA500CA606C /* Supporting Files */,
			);
			path = CoreDataSample1;
			sourceTree = "<group>";
		};
		07E35C871A2E2CA500CA606C /* Supporting Files */ = {
			isa = PBXGroup;
			children = (
				07E35C881A2E2CA500CA606C /* Info.plist */,
			);
			name = "Supporting Files";
			sourceTree = "<group>";
		};
		07E35C9F1A2E2CA500CA606C /* CoreDataSample1Tests */ = {
			isa = PBXGroup;
			children = (
				07E35CA21A2E2CA500CA606C /* CoreDataSample1Tests.swift */,
				07E35CA01A2E2CA500CA606C /* Supporting Files */,
			);
			path = CoreDataSample1Tests;
			sourceTree = "<group>";
		};
		07E35CA01A2E2CA500CA606C /* Supporting Files */ = {
			isa = PBXGroup;
			children = (
				07E35CA11A2E2CA500CA606C /* Info.plist */,
			);
			name = "Supporting Files";
			sourceTree = "<group>";
		};
		07E35CBC1A2E2F0D00CA606C /* images */ = {
			isa = PBXGroup;
			children = (
				07E35CAC1A2E2F0500CA606C /* djTux.png */,
				07E35CAD1A2E2F0500CA606C /* einsteinTux.png */,
				07E35CAE1A2E2F0500CA606C /* indianaTux.png */,
				07E35CAF1A2E2F0500CA606C /* matrixTux.png */,
				07E35CB01A2E2F0500CA606C /* ramboTux.png */,
				07E35CB11A2E2F0500CA606C /* samouraiTux.png */,
				07E35CB21A2E2F0500CA606C /* scienceTux.png */,
				07E35CB31A2E2F0500CA606C /* yodaTux.png */,
			);
			name = images;
			sourceTree = "<group>";
		};
/* End PBXGroup section */

/* Begin PBXNativeTarget section */
		07E35C831A2E2CA500CA606C /* CoreDataSample1 */ = {
			isa = PBXNativeTarget;
			buildConfigurationList = 07E35CA61A2E2CA500CA606C /* Build configuration list for PBXNativeTarget "CoreDataSample1" */;
			buildPhases = (
				07E35C801A2E2CA500CA606C /* Sources */,
				07E35C811A2E2CA500CA606C /* Frameworks */,
				07E35C821A2E2CA500CA606C /* Resources */,
			);
			buildRules = (
			);
			dependencies = (
			);
			name = CoreDataSample1;
			productName = CoreDataSample1;
			productReference = 07E35C841A2E2CA500CA606C /* CoreDataSample1.app */;
			productType = "com.apple.product-type.application";
		};
		07E35C9B1A2E2CA500CA606C /* CoreDataSample1Tests */ = {
			isa = PBXNativeTarget;
			buildConfigurationList = 07E35CA91A2E2CA500CA606C /* Build configuration list for PBXNativeTarget "CoreDataSample1Tests" */;
			buildPhases = (
				07E35C981A2E2CA500CA606C /* Sources */,
				07E35C991A2E2CA500CA606C /* Frameworks */,
				07E35C9A1A2E2CA500CA606C /* Resources */,
			);
			buildRules = (
			);
			dependencies = (
				07E35C9E1A2E2CA500CA606C /* PBXTargetDependency */,
			);
			name = CoreDataSample1Tests;
			productName = CoreDataSample1Tests;
			productReference = 07E35C9C1A2E2CA500CA606C /* CoreDataSample1Tests.xctest */;
			productType = "com.apple.product-type.bundle.unit-test";
		};
/* End PBXNativeTarget section */

/* Begin PBXProject section */
		07E35C7C1A2E2CA500CA606C /* Project object */ = {
			isa = PBXProject;
			attributes = {
				LastUpgradeCheck = 0610;
				ORGANIZATIONNAME = "Carlos Butron";
				TargetAttributes = {
					07E35C831A2E2CA500CA606C = {
						CreatedOnToolsVersion = 6.1;
					};
					07E35C9B1A2E2CA500CA606C = {
						CreatedOnToolsVersion = 6.1;
						TestTargetID = 07E35C831A2E2CA500CA606C;
					};
				};
			};
			buildConfigurationList = 07E35C7F1A2E2CA500CA606C /* Build configuration list for PBXProject "CoreDataSample1" */;
			compatibilityVersion = "Xcode 3.2";
			developmentRegion = English;
			hasScannedForEncodings = 0;
			knownRegions = (
				en,
				Base,
			);
			mainGroup = 07E35C7B1A2E2CA500CA606C;
			productRefGroup = 07E35C851A2E2CA500CA606C /* Products */;
			projectDirPath = "";
			projectRoot = "";
			targets = (
				07E35C831A2E2CA500CA606C /* CoreDataSample1 */,
				07E35C9B1A2E2CA500CA606C /* CoreDataSample1Tests */,
			);
		};
/* End PBXProject section */

/* Begin PBXResourcesBuildPhase section */
		07E35C821A2E2CA500CA606C /* Resources */ = {
			isa = PBXResourcesBuildPhase;
			buildActionMask = 2147483647;
			files = (
				07E35CBA1A2E2F0500CA606C /* scienceTux.png in Resources */,
				07E35CB61A2E2F0500CA606C /* indianaTux.png in Resources */,
				07E35CB81A2E2F0500CA606C /* ramboTux.png in Resources */,
				07E35CB71A2E2F0500CA606C /* matrixTux.png in Resources */,
				07E35C921A2E2CA500CA606C /* Main.storyboard in Resources */,
				07E35CB51A2E2F0500CA606C /* einsteinTux.png in Resources */,
				07E35C971A2E2CA500CA606C /* LaunchScreen.xib in Resources */,
				07E35C941A2E2CA500CA606C /* Images.xcassets in Resources */,
				07E35CB91A2E2F0500CA606C /* samouraiTux.png in Resources */,
				07E35CBB1A2E2F0500CA606C /* yodaTux.png in Resources */,
				07E35CB41A2E2F0500CA606C /* djTux.png in Resources */,
			);
			runOnlyForDeploymentPostprocessing = 0;
		};
		07E35C9A1A2E2CA500CA606C /* Resources */ = {
			isa = PBXResourcesBuildPhase;
			buildActionMask = 2147483647;
			files = (
			);
			runOnlyForDeploymentPostprocessing = 0;
		};
/* End PBXResourcesBuildPhase section */

/* Begin PBXSourcesBuildPhase section */
		07E35C801A2E2CA500CA606C /* Sources */ = {
			isa = PBXSourcesBuildPhase;
			buildActionMask = 2147483647;
			files = (
				07E35C8F1A2E2CA500CA606C /* ViewController.swift in Sources */,
				07E35C8D1A2E2CA500CA606C /* CoreDataSample1.xcdatamodeld in Sources */,
				07E35C8A1A2E2CA500CA606C /* AppDelegate.swift in Sources */,
			);
			runOnlyForDeploymentPostprocessing = 0;
		};
		07E35C981A2E2CA500CA606C /* Sources */ = {
			isa = PBXSourcesBuildPhase;
			buildActionMask = 2147483647;
			files = (
				07E35CA31A2E2CA500CA606C /* CoreDataSample1Tests.swift in Sources */,
			);
			runOnlyForDeploymentPostprocessing = 0;
		};
/* End PBXSourcesBuildPhase section */

/* Begin PBXTargetDependency section */
		07E35C9E1A2E2CA500CA606C /* PBXTargetDependency */ = {
			isa = PBXTargetDependency;
			target = 07E35C831A2E2CA500CA606C /* CoreDataSample1 */;
			targetProxy = 07E35C9D1A2E2CA500CA606C /* PBXContainerItemProxy */;
		};
/* End PBXTargetDependency section */

/* Begin PBXVariantGroup section */
		07E35C901A2E2CA500CA606C /* Main.storyboard */ = {
			isa = PBXVariantGroup;
			children = (
				07E35C911A2E2CA500CA606C /* Base */,
			);
			name = Main.storyboard;
			sourceTree = "<group>";
		};
		07E35C951A2E2CA500CA606C /* LaunchScreen.xib */ = {
			isa = PBXVariantGroup;
			children = (
				07E35C961A2E2CA500CA606C /* Base */,
			);
			name = LaunchScreen.xib;
			sourceTree = "<group>";
		};
/* End PBXVariantGroup section */

/* Begin XCBuildConfiguration section */
		07E35CA41A2E2CA500CA606C /* Debug */ = {
			isa = XCBuildConfiguration;
			buildSettings = {
				ALWAYS_SEARCH_USER_PATHS = NO;
				CLANG_CXX_LANGUAGE_STANDARD = "gnu++0x";
				CLANG_CXX_LIBRARY = "libc++";
				CLANG_ENABLE_MODULES = YES;
				CLANG_ENABLE_OBJC_ARC = YES;
				CLANG_WARN_BOOL_CONVERSION = YES;
				CLANG_WARN_CONSTANT_CONVERSION = YES;
				CLANG_WARN_DIRECT_OBJC_ISA_USAGE = YES_ERROR;
				CLANG_WARN_EMPTY_BODY = YES;
				CLANG_WARN_ENUM_CONVERSION = YES;
				CLANG_WARN_INT_CONVERSION = YES;
				CLANG_WARN_OBJC_ROOT_CLASS = YES_ERROR;
				CLANG_WARN_UNREACHABLE_CODE = YES;
				CLANG_WARN__DUPLICATE_METHOD_MATCH = YES;
				"CODE_SIGN_IDENTITY[sdk=iphoneos*]" = "iPhone Developer";
				COPY_PHASE_STRIP = NO;
				ENABLE_STRICT_OBJC_MSGSEND = YES;
				GCC_C_LANGUAGE_STANDARD = gnu99;
				GCC_DYNAMIC_NO_PIC = NO;
				GCC_OPTIMIZATION_LEVEL = 0;
				GCC_PREPROCESSOR_DEFINITIONS = (
					"DEBUG=1",
					"$(inherited)",
				);
				GCC_SYMBOLS_PRIVATE_EXTERN = NO;
				GCC_WARN_64_TO_32_BIT_CONVERSION = YES;
				GCC_WARN_ABOUT_RETURN_TYPE = YES_ERROR;
				GCC_WARN_UNDECLARED_SELECTOR = YES;
				GCC_WARN_UNINITIALIZED_AUTOS = YES_AGGRESSIVE;
				GCC_WARN_UNUSED_FUNCTION = YES;
				GCC_WARN_UNUSED_VARIABLE = YES;
				IPHONEOS_DEPLOYMENT_TARGET = 8.1;
				MTL_ENABLE_DEBUG_INFO = YES;
				ONLY_ACTIVE_ARCH = YES;
				SDKROOT = iphoneos;
				SWIFT_OPTIMIZATION_LEVEL = "-Onone";
			};
			name = Debug;
		};
		07E35CA51A2E2CA500CA606C /* Release */ = {
			isa = XCBuildConfiguration;
			buildSettings = {
				ALWAYS_SEARCH_USER_PATHS = NO;
				CLANG_CXX_LANGUAGE_STANDARD = "gnu++0x";
				CLANG_CXX_LIBRARY = "libc++";
				CLANG_ENABLE_MODULES = YES;
				CLANG_ENABLE_OBJC_ARC = YES;
				CLANG_WARN_BOOL_CONVERSION = YES;
				CLANG_WARN_CONSTANT_CONVERSION = YES;
				CLANG_WARN_DIRECT_OBJC_ISA_USAGE = YES_ERROR;
				CLANG_WARN_EMPTY_BODY = YES;
				CLANG_WARN_ENUM_CONVERSION = YES;
				CLANG_WARN_INT_CONVERSION = YES;
				CLANG_WARN_OBJC_ROOT_CLASS = YES_ERROR;
				CLANG_WARN_UNREACHABLE_CODE = YES;
				CLANG_WARN__DUPLICATE_METHOD_MATCH = YES;
				"CODE_SIGN_IDENTITY[sdk=iphoneos*]" = "iPhone Developer";
				COPY_PHASE_STRIP = YES;
				ENABLE_NS_ASSERTIONS = NO;
				ENABLE_STRICT_OBJC_MSGSEND = YES;
				GCC_C_LANGUAGE_STANDARD = gnu99;
				GCC_WARN_64_TO_32_BIT_CONVERSION = YES;
				GCC_WARN_ABOUT_RETURN_TYPE = YES_ERROR;
				GCC_WARN_UNDECLARED_SELECTOR = YES;
				GCC_WARN_UNINITIALIZED_AUTOS = YES_AGGRESSIVE;
				GCC_WARN_UNUSED_FUNCTION = YES;
				GCC_WARN_UNUSED_VARIABLE = YES;
				IPHONEOS_DEPLOYMENT_TARGET = 8.1;
				MTL_ENABLE_DEBUG_INFO = NO;
				SDKROOT = iphoneos;
				VALIDATE_PRODUCT = YES;
			};
			name = Release;
		};
		07E35CA71A2E2CA500CA606C /* Debug */ = {
			isa = XCBuildConfiguration;
			buildSettings = {
				ASSETCATALOG_COMPILER_APPICON_NAME = AppIcon;
				INFOPLIST_FILE = CoreDataSample1/Info.plist;
				LD_RUNPATH_SEARCH_PATHS = "$(inherited) @executable_path/Frameworks";
				PRODUCT_NAME = "$(TARGET_NAME)";
			};
			name = Debug;
		};
		07E35CA81A2E2CA500CA606C /* Release */ = {
			isa = XCBuildConfiguration;
			buildSettings = {
				ASSETCATALOG_COMPILER_APPICON_NAME = AppIcon;
				INFOPLIST_FILE = CoreDataSample1/Info.plist;
				LD_RUNPATH_SEARCH_PATHS = "$(inherited) @executable_path/Frameworks";
				PRODUCT_NAME = "$(TARGET_NAME)";
			};
			name = Release;
		};
		07E35CAA1A2E2CA500CA606C /* Debug */ = {
			isa = XCBuildConfiguration;
			buildSettings = {
				BUNDLE_LOADER = "$(TEST_HOST)";
				FRAMEWORK_SEARCH_PATHS = (
					"$(SDKROOT)/Developer/Library/Frameworks",
					"$(inherited)",
				);
				GCC_PREPROCESSOR_DEFINITIONS = (
					"DEBUG=1",
					"$(inherited)",
				);
				INFOPLIST_FILE = CoreDataSample1Tests/Info.plist;
				LD_RUNPATH_SEARCH_PATHS = "$(inherited) @executable_path/Frameworks @loader_path/Frameworks";
				PRODUCT_NAME = "$(TARGET_NAME)";
				TEST_HOST = "$(BUILT_PRODUCTS_DIR)/CoreDataSample1.app/CoreDataSample1";
			};
			name = Debug;
		};
		07E35CAB1A2E2CA500CA606C /* Release */ = {
			isa = XCBuildConfiguration;
			buildSettings = {
				BUNDLE_LOADER = "$(TEST_HOST)";
				FRAMEWORK_SEARCH_PATHS = (
					"$(SDKROOT)/Developer/Library/Frameworks",
					"$(inherited)",
				);
				INFOPLIST_FILE = CoreDataSample1Tests/Info.plist;
				LD_RUNPATH_SEARCH_PATHS = "$(inherited) @executable_path/Frameworks @loader_path/Frameworks";
				PRODUCT_NAME = "$(TARGET_NAME)";
				TEST_HOST = "$(BUILT_PRODUCTS_DIR)/CoreDataSample1.app/CoreDataSample1";
			};
			name = Release;
		};
/* End XCBuildConfiguration section */

/* Begin XCConfigurationList section */
		07E35C7F1A2E2CA500CA606C /* Build configuration list for PBXProject "CoreDataSample1" */ = {
			isa = XCConfigurationList;
			buildConfigurations = (
				07E35CA41A2E2CA500CA606C /* Debug */,
				07E35CA51A2E2CA500CA606C /* Release */,
			);
			defaultConfigurationIsVisible = 0;
			defaultConfigurationName = Release;
		};
		07E35CA61A2E2CA500CA606C /* Build configuration list for PBXNativeTarget "CoreDataSample1" */ = {
			isa = XCConfigurationList;
			buildConfigurations = (
				07E35CA71A2E2CA500CA606C /* Debug */,
				07E35CA81A2E2CA500CA606C /* Release */,
			);
			defaultConfigurationIsVisible = 0;
			defaultConfigurationName = Release;
		};
		07E35CA91A2E2CA500CA606C /* Build configuration list for PBXNativeTarget "CoreDataSample1Tests" */ = {
			isa = XCConfigurationList;
			buildConfigurations = (
				07E35CAA1A2E2CA500CA606C /* Debug */,
				07E35CAB1A2E2CA500CA606C /* Release */,
			);
			defaultConfigurationIsVisible = 0;
			defaultConfigurationName = Release;
		};
/* End XCConfigurationList section */

/* Begin XCVersionGroup section */
		07E35C8B1A2E2CA500CA606C /* CoreDataSample1.xcdatamodeld */ = {
			isa = XCVersionGroup;
			children = (
				07E35C8C1A2E2CA500CA606C /* CoreDataSample1.xcdatamodel */,
			);
			currentVersion = 07E35C8C1A2E2CA500CA606C /* CoreDataSample1.xcdatamodel */;
			path = CoreDataSample1.xcdatamodeld;
			sourceTree = "<group>";
			versionGroupType = wrapper.xcdatamodel;
		};
/* End XCVersionGroup section */
	};
	rootObject = 07E35C7C1A2E2CA500CA606C /* Project object */;
}
