// !$*UTF8*$!
{
	archiveVersion = 1;
	classes = {
	};
	objectVersion = 46;
	objects = {

/* Begin PBXBuildFile section */
		07E35E1B1A2E4CB600CA606C /* AppDelegate.swift in Sources */ = {isa = PBXBuildFile; fileRef = 07E35E1A1A2E4CB600CA606C /* AppDelegate.swift */; };
		07E35E1D1A2E4CB600CA606C /* ViewController.swift in Sources */ = {isa = PBXBuildFile; fileRef = 07E35E1C1A2E4CB600CA606C /* ViewController.swift */; };
		07E35E201A2E4CB600CA606C /* Main.storyboard in Resources */ = {isa = PBXBuildFile; fileRef = 07E35E1E1A2E4CB600CA606C /* Main.storyboard */; };
		07E35E221A2E4CB600CA606C /* Images.xcassets in Resources */ = {isa = PBXBuildFile; fileRef = 07E35E211A2E4CB600CA606C /* Images.xcassets */; };
		07E35E251A2E4CB600CA606C /* LaunchScreen.xib in Resources */ = {isa = PBXBuildFile; fileRef = 07E35E231A2E4CB600CA606C /* LaunchScreen.xib */; };
		07E35E311A2E4CB600CA606C /* NSBlockOperationTests.swift in Sources */ = {isa = PBXBuildFile; fileRef = 07E35E301A2E4CB600CA606C /* NSBlockOperationTests.swift */; };
/* End PBXBuildFile section */

/* Begin PBXContainerItemProxy section */
		07E35E2B1A2E4CB600CA606C /* PBXContainerItemProxy */ = {
			isa = PBXContainerItemProxy;
			containerPortal = 07E35E0D1A2E4CB600CA606C /* Project object */;
			proxyType = 1;
			remoteGlobalIDString = 07E35E141A2E4CB600CA606C;
			remoteInfo = NSBlockOperation;
		};
/* End PBXContainerItemProxy section */

/* Begin PBXFileReference section */
		07E35E151A2E4CB600CA606C /* NSBlockOperation.app */ = {isa = PBXFileReference; explicitFileType = wrapper.application; includeInIndex = 0; path = NSBlockOperation.app; sourceTree = BUILT_PRODUCTS_DIR; };
		07E35E191A2E4CB600CA606C /* Info.plist */ = {isa = PBXFileReference; lastKnownFileType = text.plist.xml; path = Info.plist; sourceTree = "<group>"; };
		07E35E1A1A2E4CB600CA606C /* AppDelegate.swift */ = {isa = PBXFileReference; lastKnownFileType = sourcecode.swift; path = AppDelegate.swift; sourceTree = "<group>"; };
		07E35E1C1A2E4CB600CA606C /* ViewController.swift */ = {isa = PBXFileReference; lastKnownFileType = sourcecode.swift; path = ViewController.swift; sourceTree = "<group>"; };
		07E35E1F1A2E4CB600CA606C /* Base */ = {isa = PBXFileReference; lastKnownFileType = file.storyboard; name = Base; path = Base.lproj/Main.storyboard; sourceTree = "<group>"; };
		07E35E211A2E4CB600CA606C /* Images.xcassets */ = {isa = PBXFileReference; lastKnownFileType = folder.assetcatalog; path = Images.xcassets; sourceTree = "<group>"; };
		07E35E241A2E4CB600CA606C /* Base */ = {isa = PBXFileReference; lastKnownFileType = file.xib; name = Base; path = Base.lproj/LaunchScreen.xib; sourceTree = "<group>"; };
		07E35E2A1A2E4CB600CA606C /* NSBlockOperationTests.xctest */ = {isa = PBXFileReference; explicitFileType = wrapper.cfbundle; includeInIndex = 0; path = NSBlockOperationTests.xctest; sourceTree = BUILT_PRODUCTS_DIR; };
		07E35E2F1A2E4CB600CA606C /* Info.plist */ = {isa = PBXFileReference; lastKnownFileType = text.plist.xml; path = Info.plist; sourceTree = "<group>"; };
		07E35E301A2E4CB600CA606C /* NSBlockOperationTests.swift */ = {isa = PBXFileReference; lastKnownFileType = sourcecode.swift; path = NSBlockOperationTests.swift; sourceTree = "<group>"; };
/* End PBXFileReference section */

/* Begin PBXFrameworksBuildPhase section */
		07E35E121A2E4CB600CA606C /* Frameworks */ = {
			isa = PBXFrameworksBuildPhase;
			buildActionMask = 2147483647;
			files = (
			);
			runOnlyForDeploymentPostprocessing = 0;
		};
		07E35E271A2E4CB600CA606C /* Frameworks */ = {
			isa = PBXFrameworksBuildPhase;
			buildActionMask = 2147483647;
			files = (
			);
			runOnlyForDeploymentPostprocessing = 0;
		};
/* End PBXFrameworksBuildPhase section */

/* Begin PBXGroup section */
		07E35E0C1A2E4CB600CA606C = {
			isa = PBXGroup;
			children = (
				07E35E171A2E4CB600CA606C /* NSBlockOperation */,
				07E35E2D1A2E4CB600CA606C /* NSBlockOperationTests */,
				07E35E161A2E4CB600CA606C /* Products */,
			);
			sourceTree = "<group>";
		};
		07E35E161A2E4CB600CA606C /* Products */ = {
			isa = PBXGroup;
			children = (
				07E35E151A2E4CB600CA606C /* NSBlockOperation.app */,
				07E35E2A1A2E4CB600CA606C /* NSBlockOperationTests.xctest */,
			);
			name = Products;
			sourceTree = "<group>";
		};
		07E35E171A2E4CB600CA606C /* NSBlockOperation */ = {
			isa = PBXGroup;
			children = (
				07E35E1A1A2E4CB600CA606C /* AppDelegate.swift */,
				07E35E1C1A2E4CB600CA606C /* ViewController.swift */,
				07E35E1E1A2E4CB600CA606C /* Main.storyboard */,
				07E35E211A2E4CB600CA606C /* Images.xcassets */,
				07E35E231A2E4CB600CA606C /* LaunchScreen.xib */,
				07E35E181A2E4CB600CA606C /* Supporting Files */,
			);
			path = NSBlockOperation;
			sourceTree = "<group>";
		};
		07E35E181A2E4CB600CA606C /* Supporting Files */ = {
			isa = PBXGroup;
			children = (
				07E35E191A2E4CB600CA606C /* Info.plist */,
			);
			name = "Supporting Files";
			sourceTree = "<group>";
		};
		07E35E2D1A2E4CB600CA606C /* NSBlockOperationTests */ = {
			isa = PBXGroup;
			children = (
				07E35E301A2E4CB600CA606C /* NSBlockOperationTests.swift */,
				07E35E2E1A2E4CB600CA606C /* Supporting Files */,
			);
			path = NSBlockOperationTests;
			sourceTree = "<group>";
		};
		07E35E2E1A2E4CB600CA606C /* Supporting Files */ = {
			isa = PBXGroup;
			children = (
				07E35E2F1A2E4CB600CA606C /* Info.plist */,
			);
			name = "Supporting Files";
			sourceTree = "<group>";
		};
/* End PBXGroup section */

/* Begin PBXNativeTarget section */
		07E35E141A2E4CB600CA606C /* NSBlockOperation */ = {
			isa = PBXNativeTarget;
			buildConfigurationList = 07E35E341A2E4CB600CA606C /* Build configuration list for PBXNativeTarget "NSBlockOperation" */;
			buildPhases = (
				07E35E111A2E4CB600CA606C /* Sources */,
				07E35E121A2E4CB600CA606C /* Frameworks */,
				07E35E131A2E4CB600CA606C /* Resources */,
			);
			buildRules = (
			);
			dependencies = (
			);
			name = NSBlockOperation;
			productName = NSBlockOperation;
			productReference = 07E35E151A2E4CB600CA606C /* NSBlockOperation.app */;
			productType = "com.apple.product-type.application";
		};
		07E35E291A2E4CB600CA606C /* NSBlockOperationTests */ = {
			isa = PBXNativeTarget;
			buildConfigurationList = 07E35E371A2E4CB600CA606C /* Build configuration list for PBXNativeTarget "NSBlockOperationTests" */;
			buildPhases = (
				07E35E261A2E4CB600CA606C /* Sources */,
				07E35E271A2E4CB600CA606C /* Frameworks */,
				07E35E281A2E4CB600CA606C /* Resources */,
			);
			buildRules = (
			);
			dependencies = (
				07E35E2C1A2E4CB600CA606C /* PBXTargetDependency */,
			);
			name = NSBlockOperationTests;
			productName = NSBlockOperationTests;
			productReference = 07E35E2A1A2E4CB600CA606C /* NSBlockOperationTests.xctest */;
			productType = "com.apple.product-type.bundle.unit-test";
		};
/* End PBXNativeTarget section */

/* Begin PBXProject section */
		07E35E0D1A2E4CB600CA606C /* Project object */ = {
			isa = PBXProject;
			attributes = {
				LastUpgradeCheck = 0610;
				ORGANIZATIONNAME = "Carlos Butron";
				TargetAttributes = {
					07E35E141A2E4CB600CA606C = {
						CreatedOnToolsVersion = 6.1;
					};
					07E35E291A2E4CB600CA606C = {
						CreatedOnToolsVersion = 6.1;
						TestTargetID = 07E35E141A2E4CB600CA606C;
					};
				};
			};
			buildConfigurationList = 07E35E101A2E4CB600CA606C /* Build configuration list for PBXProject "NSBlockOperation" */;
			compatibilityVersion = "Xcode 3.2";
			developmentRegion = English;
			hasScannedForEncodings = 0;
			knownRegions = (
				en,
				Base,
			);
			mainGroup = 07E35E0C1A2E4CB600CA606C;
			productRefGroup = 07E35E161A2E4CB600CA606C /* Products */;
			projectDirPath = "";
			projectRoot = "";
			targets = (
				07E35E141A2E4CB600CA606C /* NSBlockOperation */,
				07E35E291A2E4CB600CA606C /* NSBlockOperationTests */,
			);
		};
/* End PBXProject section */

/* Begin PBXResourcesBuildPhase section */
		07E35E131A2E4CB600CA606C /* Resources */ = {
			isa = PBXResourcesBuildPhase;
			buildActionMask = 2147483647;
			files = (
				07E35E201A2E4CB600CA606C /* Main.storyboard in Resources */,
				07E35E251A2E4CB600CA606C /* LaunchScreen.xib in Resources */,
				07E35E221A2E4CB600CA606C /* Images.xcassets in Resources */,
			);
			runOnlyForDeploymentPostprocessing = 0;
		};
		07E35E281A2E4CB600CA606C /* Resources */ = {
			isa = PBXResourcesBuildPhase;
			buildActionMask = 2147483647;
			files = (
			);
			runOnlyForDeploymentPostprocessing = 0;
		};
/* End PBXResourcesBuildPhase section */

/* Begin PBXSourcesBuildPhase section */
		07E35E111A2E4CB600CA606C /* Sources */ = {
			isa = PBXSourcesBuildPhase;
			buildActionMask = 2147483647;
			files = (
				07E35E1D1A2E4CB600CA606C /* ViewController.swift in Sources */,
				07E35E1B1A2E4CB600CA606C /* AppDelegate.swift in Sources */,
			);
			runOnlyForDeploymentPostprocessing = 0;
		};
		07E35E261A2E4CB600CA606C /* Sources */ = {
			isa = PBXSourcesBuildPhase;
			buildActionMask = 2147483647;
			files = (
				07E35E311A2E4CB600CA606C /* NSBlockOperationTests.swift in Sources */,
			);
			runOnlyForDeploymentPostprocessing = 0;
		};
/* End PBXSourcesBuildPhase section */

/* Begin PBXTargetDependency section */
		07E35E2C1A2E4CB600CA606C /* PBXTargetDependency */ = {
			isa = PBXTargetDependency;
			target = 07E35E141A2E4CB600CA606C /* NSBlockOperation */;
			targetProxy = 07E35E2B1A2E4CB600CA606C /* PBXContainerItemProxy */;
		};
/* End PBXTargetDependency section */

/* Begin PBXVariantGroup section */
		07E35E1E1A2E4CB600CA606C /* Main.storyboard */ = {
			isa = PBXVariantGroup;
			children = (
				07E35E1F1A2E4CB600CA606C /* Base */,
			);
			name = Main.storyboard;
			sourceTree = "<group>";
		};
		07E35E231A2E4CB600CA606C /* LaunchScreen.xib */ = {
			isa = PBXVariantGroup;
			children = (
				07E35E241A2E4CB600CA606C /* Base */,
			);
			name = LaunchScreen.xib;
			sourceTree = "<group>";
		};
/* End PBXVariantGroup section */

/* Begin XCBuildConfiguration section */
		07E35E321A2E4CB600CA606C /* Debug */ = {
			isa = XCBuildConfiguration;
			buildSettings = {
				ALWAYS_SEARCH_USER_PATHS = NO;
				CLANG_CXX_LANGUAGE_STANDARD = "gnu++0x";
				CLANG_CXX_LIBRARY = "libc++";
				CLANG_ENABLE_MODULES = YES;
				CLANG_ENABLE_OBJC_ARC = YES;
				CLANG_WARN_BOOL_CONVERSION = YES;
				CLANG_WARN_CONSTANT_CONVERSION = YES;
				CLANG_WARN_DIRECT_OBJC_ISA_USAGE = YES_ERROR;
				CLANG_WARN_EMPTY_BODY = YES;
				CLANG_WARN_ENUM_CONVERSION = YES;
				CLANG_WARN_INT_CONVERSION = YES;
				CLANG_WARN_OBJC_ROOT_CLASS = YES_ERROR;
				CLANG_WARN_UNREACHABLE_CODE = YES;
				CLANG_WARN__DUPLICATE_METHOD_MATCH = YES;
				"CODE_SIGN_IDENTITY[sdk=iphoneos*]" = "iPhone Developer";
				COPY_PHASE_STRIP = NO;
				ENABLE_STRICT_OBJC_MSGSEND = YES;
				GCC_C_LANGUAGE_STANDARD = gnu99;
				GCC_DYNAMIC_NO_PIC = NO;
				GCC_OPTIMIZATION_LEVEL = 0;
				GCC_PREPROCESSOR_DEFINITIONS = (
					"DEBUG=1",
					"$(inherited)",
				);
				GCC_SYMBOLS_PRIVATE_EXTERN = NO;
				GCC_WARN_64_TO_32_BIT_CONVERSION = YES;
				GCC_WARN_ABOUT_RETURN_TYPE = YES_ERROR;
				GCC_WARN_UNDECLARED_SELECTOR = YES;
				GCC_WARN_UNINITIALIZED_AUTOS = YES_AGGRESSIVE;
				GCC_WARN_UNUSED_FUNCTION = YES;
				GCC_WARN_UNUSED_VARIABLE = YES;
				IPHONEOS_DEPLOYMENT_TARGET = 8.1;
				MTL_ENABLE_DEBUG_INFO = YES;
				ONLY_ACTIVE_ARCH = YES;
				SDKROOT = iphoneos;
				SWIFT_OPTIMIZATION_LEVEL = "-Onone";
			};
			name = Debug;
		};
		07E35E331A2E4CB600CA606C /* Release */ = {
			isa = XCBuildConfiguration;
			buildSettings = {
				ALWAYS_SEARCH_USER_PATHS = NO;
				CLANG_CXX_LANGUAGE_STANDARD = "gnu++0x";
				CLANG_CXX_LIBRARY = "libc++";
				CLANG_ENABLE_MODULES = YES;
				CLANG_ENABLE_OBJC_ARC = YES;
				CLANG_WARN_BOOL_CONVERSION = YES;
				CLANG_WARN_CONSTANT_CONVERSION = YES;
				CLANG_WARN_DIRECT_OBJC_ISA_USAGE = YES_ERROR;
				CLANG_WARN_EMPTY_BODY = YES;
				CLANG_WARN_ENUM_CONVERSION = YES;
				CLANG_WARN_INT_CONVERSION = YES;
				CLANG_WARN_OBJC_ROOT_CLASS = YES_ERROR;
				CLANG_WARN_UNREACHABLE_CODE = YES;
				CLANG_WARN__DUPLICATE_METHOD_MATCH = YES;
				"CODE_SIGN_IDENTITY[sdk=iphoneos*]" = "iPhone Developer";
				COPY_PHASE_STRIP = YES;
				ENABLE_NS_ASSERTIONS = NO;
				ENABLE_STRICT_OBJC_MSGSEND = YES;
				GCC_C_LANGUAGE_STANDARD = gnu99;
				GCC_WARN_64_TO_32_BIT_CONVERSION = YES;
				GCC_WARN_ABOUT_RETURN_TYPE = YES_ERROR;
				GCC_WARN_UNDECLARED_SELECTOR = YES;
				GCC_WARN_UNINITIALIZED_AUTOS = YES_AGGRESSIVE;
				GCC_WARN_UNUSED_FUNCTION = YES;
				GCC_WARN_UNUSED_VARIABLE = YES;
				IPHONEOS_DEPLOYMENT_TARGET = 8.1;
				MTL_ENABLE_DEBUG_INFO = NO;
				SDKROOT = iphoneos;
				VALIDATE_PRODUCT = YES;
			};
			name = Release;
		};
		07E35E351A2E4CB600CA606C /* Debug */ = {
			isa = XCBuildConfiguration;
			buildSettings = {
				ASSETCATALOG_COMPILER_APPICON_NAME = AppIcon;
				INFOPLIST_FILE = NSBlockOperation/Info.plist;
				LD_RUNPATH_SEARCH_PATHS = "$(inherited) @executable_path/Frameworks";
				PRODUCT_NAME = "$(TARGET_NAME)";
			};
			name = Debug;
		};
		07E35E361A2E4CB600CA606C /* Release */ = {
			isa = XCBuildConfiguration;
			buildSettings = {
				ASSETCATALOG_COMPILER_APPICON_NAME = AppIcon;
				INFOPLIST_FILE = NSBlockOperation/Info.plist;
				LD_RUNPATH_SEARCH_PATHS = "$(inherited) @executable_path/Frameworks";
				PRODUCT_NAME = "$(TARGET_NAME)";
			};
			name = Release;
		};
		07E35E381A2E4CB600CA606C /* Debug */ = {
			isa = XCBuildConfiguration;
			buildSettings = {
				BUNDLE_LOADER = "$(TEST_HOST)";
				FRAMEWORK_SEARCH_PATHS = (
					"$(SDKROOT)/Developer/Library/Frameworks",
					"$(inherited)",
				);
				GCC_PREPROCESSOR_DEFINITIONS = (
					"DEBUG=1",
					"$(inherited)",
				);
				INFOPLIST_FILE = NSBlockOperationTests/Info.plist;
				LD_RUNPATH_SEARCH_PATHS = "$(inherited) @executable_path/Frameworks @loader_path/Frameworks";
				PRODUCT_NAME = "$(TARGET_NAME)";
				TEST_HOST = "$(BUILT_PRODUCTS_DIR)/NSBlockOperation.app/NSBlockOperation";
			};
			name = Debug;
		};
		07E35E391A2E4CB600CA606C /* Release */ = {
			isa = XCBuildConfiguration;
			buildSettings = {
				BUNDLE_LOADER = "$(TEST_HOST)";
				FRAMEWORK_SEARCH_PATHS = (
					"$(SDKROOT)/Developer/Library/Frameworks",
					"$(inherited)",
				);
				INFOPLIST_FILE = NSBlockOperationTests/Info.plist;
				LD_RUNPATH_SEARCH_PATHS = "$(inherited) @executable_path/Frameworks @loader_path/Frameworks";
				PRODUCT_NAME = "$(TARGET_NAME)";
				TEST_HOST = "$(BUILT_PRODUCTS_DIR)/NSBlockOperation.app/NSBlockOperation";
			};
			name = Release;
		};
/* End XCBuildConfiguration section */

/* Begin XCConfigurationList section */
		07E35E101A2E4CB600CA606C /* Build configuration list for PBXProject "NSBlockOperation" */ = {
			isa = XCConfigurationList;
			buildConfigurations = (
				07E35E321A2E4CB600CA606C /* Debug */,
				07E35E331A2E4CB600CA606C /* Release */,
			);
			defaultConfigurationIsVisible = 0;
			defaultConfigurationName = Release;
		};
		07E35E341A2E4CB600CA606C /* Build configuration list for PBXNativeTarget "NSBlockOperation" */ = {
			isa = XCConfigurationList;
			buildConfigurations = (
				07E35E351A2E4CB600CA606C /* Debug */,
				07E35E361A2E4CB600CA606C /* Release */,
			);
			defaultConfigurationIsVisible = 0;
		};
		07E35E371A2E4CB600CA606C /* Build configuration list for PBXNativeTarget "NSBlockOperationTests" */ = {
			isa = XCConfigurationList;
			buildConfigurations = (
				07E35E381A2E4CB600CA606C /* Debug */,
				07E35E391A2E4CB600CA606C /* Release */,
			);
			defaultConfigurationIsVisible = 0;
		};
/* End XCConfigurationList section */
	};
	rootObject = 07E35E0D1A2E4CB600CA606C /* Project object */;
}
