// !$*UTF8*$!
{
	archiveVersion = 1;
	classes = {
	};
	objectVersion = 46;
	objects = {

/* Begin PBXBuildFile section */
		078281571A2D4C7C00759CE8 /* AppDelegate.swift in Sources */ = {isa = PBXBuildFile; fileRef = 078281561A2D4C7C00759CE8 /* AppDelegate.swift */; };
		078281591A2D4C7C00759CE8 /* ViewController.swift in Sources */ = {isa = PBXBuildFile; fileRef = 078281581A2D4C7C00759CE8 /* ViewController.swift */; };
		0782815C1A2D4C7C00759CE8 /* Main.storyboard in Resources */ = {isa = PBXBuildFile; fileRef = 0782815A1A2D4C7C00759CE8 /* Main.storyboard */; };
		0782815E1A2D4C7C00759CE8 /* Images.xcassets in Resources */ = {isa = PBXBuildFile; fileRef = 0782815D1A2D4C7C00759CE8 /* Images.xcassets */; };
		078281611A2D4C7C00759CE8 /* LaunchScreen.xib in Resources */ = {isa = PBXBuildFile; fileRef = 0782815F1A2D4C7C00759CE8 /* LaunchScreen.xib */; };
		0782816D1A2D4C7C00759CE8 /* TabBarControllerTests.swift in Sources */ = {isa = PBXBuildFile; fileRef = 0782816C1A2D4C7C00759CE8 /* TabBarControllerTests.swift */; };
/* End PBXBuildFile section */

/* Begin PBXContainerItemProxy section */
		078281671A2D4C7C00759CE8 /* PBXContainerItemProxy */ = {
			isa = PBXContainerItemProxy;
			containerPortal = 078281491A2D4C7C00759CE8 /* Project object */;
			proxyType = 1;
			remoteGlobalIDString = 078281501A2D4C7C00759CE8;
			remoteInfo = TabBarController;
		};
/* End PBXContainerItemProxy section */

/* Begin PBXFileReference section */
		078281511A2D4C7C00759CE8 /* TabBarController.app */ = {isa = PBXFileReference; explicitFileType = wrapper.application; includeInIndex = 0; path = TabBarController.app; sourceTree = BUILT_PRODUCTS_DIR; };
		078281551A2D4C7C00759CE8 /* Info.plist */ = {isa = PBXFileReference; lastKnownFileType = text.plist.xml; path = Info.plist; sourceTree = "<group>"; };
		078281561A2D4C7C00759CE8 /* AppDelegate.swift */ = {isa = PBXFileReference; lastKnownFileType = sourcecode.swift; path = AppDelegate.swift; sourceTree = "<group>"; };
		078281581A2D4C7C00759CE8 /* ViewController.swift */ = {isa = PBXFileReference; lastKnownFileType = sourcecode.swift; path = ViewController.swift; sourceTree = "<group>"; };
		0782815B1A2D4C7C00759CE8 /* Base */ = {isa = PBXFileReference; lastKnownFileType = file.storyboard; name = Base; path = Base.lproj/Main.storyboard; sourceTree = "<group>"; };
		0782815D1A2D4C7C00759CE8 /* Images.xcassets */ = {isa = PBXFileReference; lastKnownFileType = folder.assetcatalog; path = Images.xcassets; sourceTree = "<group>"; };
		078281601A2D4C7C00759CE8 /* Base */ = {isa = PBXFileReference; lastKnownFileType = file.xib; name = Base; path = Base.lproj/LaunchScreen.xib; sourceTree = "<group>"; };
		078281661A2D4C7C00759CE8 /* TabBarControllerTests.xctest */ = {isa = PBXFileReference; explicitFileType = wrapper.cfbundle; includeInIndex = 0; path = TabBarControllerTests.xctest; sourceTree = BUILT_PRODUCTS_DIR; };
		0782816B1A2D4C7C00759CE8 /* Info.plist */ = {isa = PBXFileReference; lastKnownFileType = text.plist.xml; path = Info.plist; sourceTree = "<group>"; };
		0782816C1A2D4C7C00759CE8 /* TabBarControllerTests.swift */ = {isa = PBXFileReference; lastKnownFileType = sourcecode.swift; path = TabBarControllerTests.swift; sourceTree = "<group>"; };
/* End PBXFileReference section */

/* Begin PBXFrameworksBuildPhase section */
		0782814E1A2D4C7C00759CE8 /* Frameworks */ = {
			isa = PBXFrameworksBuildPhase;
			buildActionMask = 2147483647;
			files = (
			);
			runOnlyForDeploymentPostprocessing = 0;
		};
		078281631A2D4C7C00759CE8 /* Frameworks */ = {
			isa = PBXFrameworksBuildPhase;
			buildActionMask = 2147483647;
			files = (
			);
			runOnlyForDeploymentPostprocessing = 0;
		};
/* End PBXFrameworksBuildPhase section */

/* Begin PBXGroup section */
		078281481A2D4C7C00759CE8 = {
			isa = PBXGroup;
			children = (
				078281531A2D4C7C00759CE8 /* TabBarController */,
				078281691A2D4C7C00759CE8 /* TabBarControllerTests */,
				078281521A2D4C7C00759CE8 /* Products */,
			);
			sourceTree = "<group>";
		};
		078281521A2D4C7C00759CE8 /* Products */ = {
			isa = PBXGroup;
			children = (
				078281511A2D4C7C00759CE8 /* TabBarController.app */,
				078281661A2D4C7C00759CE8 /* TabBarControllerTests.xctest */,
			);
			name = Products;
			sourceTree = "<group>";
		};
		078281531A2D4C7C00759CE8 /* TabBarController */ = {
			isa = PBXGroup;
			children = (
				078281561A2D4C7C00759CE8 /* AppDelegate.swift */,
				078281581A2D4C7C00759CE8 /* ViewController.swift */,
				0782815A1A2D4C7C00759CE8 /* Main.storyboard */,
				0782815D1A2D4C7C00759CE8 /* Images.xcassets */,
				0782815F1A2D4C7C00759CE8 /* LaunchScreen.xib */,
				078281541A2D4C7C00759CE8 /* Supporting Files */,
			);
			path = TabBarController;
			sourceTree = "<group>";
		};
		078281541A2D4C7C00759CE8 /* Supporting Files */ = {
			isa = PBXGroup;
			children = (
				078281551A2D4C7C00759CE8 /* Info.plist */,
			);
			name = "Supporting Files";
			sourceTree = "<group>";
		};
		078281691A2D4C7C00759CE8 /* TabBarControllerTests */ = {
			isa = PBXGroup;
			children = (
				0782816C1A2D4C7C00759CE8 /* TabBarControllerTests.swift */,
				0782816A1A2D4C7C00759CE8 /* Supporting Files */,
			);
			path = TabBarControllerTests;
			sourceTree = "<group>";
		};
		0782816A1A2D4C7C00759CE8 /* Supporting Files */ = {
			isa = PBXGroup;
			children = (
				0782816B1A2D4C7C00759CE8 /* Info.plist */,
			);
			name = "Supporting Files";
			sourceTree = "<group>";
		};
/* End PBXGroup section */

/* Begin PBXNativeTarget section */
		078281501A2D4C7C00759CE8 /* TabBarController */ = {
			isa = PBXNativeTarget;
			buildConfigurationList = 078281701A2D4C7C00759CE8 /* Build configuration list for PBXNativeTarget "TabBarController" */;
			buildPhases = (
				0782814D1A2D4C7C00759CE8 /* Sources */,
				0782814E1A2D4C7C00759CE8 /* Frameworks */,
				0782814F1A2D4C7C00759CE8 /* Resources */,
			);
			buildRules = (
			);
			dependencies = (
			);
			name = TabBarController;
			productName = TabBarController;
			productReference = 078281511A2D4C7C00759CE8 /* TabBarController.app */;
			productType = "com.apple.product-type.application";
		};
		078281651A2D4C7C00759CE8 /* TabBarControllerTests */ = {
			isa = PBXNativeTarget;
			buildConfigurationList = 078281731A2D4C7C00759CE8 /* Build configuration list for PBXNativeTarget "TabBarControllerTests" */;
			buildPhases = (
				078281621A2D4C7C00759CE8 /* Sources */,
				078281631A2D4C7C00759CE8 /* Frameworks */,
				078281641A2D4C7C00759CE8 /* Resources */,
			);
			buildRules = (
			);
			dependencies = (
				078281681A2D4C7C00759CE8 /* PBXTargetDependency */,
			);
			name = TabBarControllerTests;
			productName = TabBarControllerTests;
			productReference = 078281661A2D4C7C00759CE8 /* TabBarControllerTests.xctest */;
			productType = "com.apple.product-type.bundle.unit-test";
		};
/* End PBXNativeTarget section */

/* Begin PBXProject section */
		078281491A2D4C7C00759CE8 /* Project object */ = {
			isa = PBXProject;
			attributes = {
				LastUpgradeCheck = 0610;
				ORGANIZATIONNAME = "Carlos Butron";
				TargetAttributes = {
					078281501A2D4C7C00759CE8 = {
						CreatedOnToolsVersion = 6.1;
					};
					078281651A2D4C7C00759CE8 = {
						CreatedOnToolsVersion = 6.1;
						TestTargetID = 078281501A2D4C7C00759CE8;
					};
				};
			};
			buildConfigurationList = 0782814C1A2D4C7C00759CE8 /* Build configuration list for PBXProject "TabBarController" */;
			compatibilityVersion = "Xcode 3.2";
			developmentRegion = English;
			hasScannedForEncodings = 0;
			knownRegions = (
				en,
				Base,
			);
			mainGroup = 078281481A2D4C7C00759CE8;
			productRefGroup = 078281521A2D4C7C00759CE8 /* Products */;
			projectDirPath = "";
			projectRoot = "";
			targets = (
				078281501A2D4C7C00759CE8 /* TabBarController */,
				078281651A2D4C7C00759CE8 /* TabBarControllerTests */,
			);
		};
/* End PBXProject section */

/* Begin PBXResourcesBuildPhase section */
		0782814F1A2D4C7C00759CE8 /* Resources */ = {
			isa = PBXResourcesBuildPhase;
			buildActionMask = 2147483647;
			files = (
				0782815C1A2D4C7C00759CE8 /* Main.storyboard in Resources */,
				078281611A2D4C7C00759CE8 /* LaunchScreen.xib in Resources */,
				0782815E1A2D4C7C00759CE8 /* Images.xcassets in Resources */,
			);
			runOnlyForDeploymentPostprocessing = 0;
		};
		078281641A2D4C7C00759CE8 /* Resources */ = {
			isa = PBXResourcesBuildPhase;
			buildActionMask = 2147483647;
			files = (
			);
			runOnlyForDeploymentPostprocessing = 0;
		};
/* End PBXResourcesBuildPhase section */

/* Begin PBXSourcesBuildPhase section */
		0782814D1A2D4C7C00759CE8 /* Sources */ = {
			isa = PBXSourcesBuildPhase;
			buildActionMask = 2147483647;
			files = (
				078281591A2D4C7C00759CE8 /* ViewController.swift in Sources */,
				078281571A2D4C7C00759CE8 /* AppDelegate.swift in Sources */,
			);
			runOnlyForDeploymentPostprocessing = 0;
		};
		078281621A2D4C7C00759CE8 /* Sources */ = {
			isa = PBXSourcesBuildPhase;
			buildActionMask = 2147483647;
			files = (
				0782816D1A2D4C7C00759CE8 /* TabBarControllerTests.swift in Sources */,
			);
			runOnlyForDeploymentPostprocessing = 0;
		};
/* End PBXSourcesBuildPhase section */

/* Begin PBXTargetDependency section */
		078281681A2D4C7C00759CE8 /* PBXTargetDependency */ = {
			isa = PBXTargetDependency;
			target = 078281501A2D4C7C00759CE8 /* TabBarController */;
			targetProxy = 078281671A2D4C7C00759CE8 /* PBXContainerItemProxy */;
		};
/* End PBXTargetDependency section */

/* Begin PBXVariantGroup section */
		0782815A1A2D4C7C00759CE8 /* Main.storyboard */ = {
			isa = PBXVariantGroup;
			children = (
				0782815B1A2D4C7C00759CE8 /* Base */,
			);
			name = Main.storyboard;
			sourceTree = "<group>";
		};
		0782815F1A2D4C7C00759CE8 /* LaunchScreen.xib */ = {
			isa = PBXVariantGroup;
			children = (
				078281601A2D4C7C00759CE8 /* Base */,
			);
			name = LaunchScreen.xib;
			sourceTree = "<group>";
		};
/* End PBXVariantGroup section */

/* Begin XCBuildConfiguration section */
		0782816E1A2D4C7C00759CE8 /* Debug */ = {
			isa = XCBuildConfiguration;
			buildSettings = {
				ALWAYS_SEARCH_USER_PATHS = NO;
				CLANG_CXX_LANGUAGE_STANDARD = "gnu++0x";
				CLANG_CXX_LIBRARY = "libc++";
				CLANG_ENABLE_MODULES = YES;
				CLANG_ENABLE_OBJC_ARC = YES;
				CLANG_WARN_BOOL_CONVERSION = YES;
				CLANG_WARN_CONSTANT_CONVERSION = YES;
				CLANG_WARN_DIRECT_OBJC_ISA_USAGE = YES_ERROR;
				CLANG_WARN_EMPTY_BODY = YES;
				CLANG_WARN_ENUM_CONVERSION = YES;
				CLANG_WARN_INT_CONVERSION = YES;
				CLANG_WARN_OBJC_ROOT_CLASS = YES_ERROR;
				CLANG_WARN_UNREACHABLE_CODE = YES;
				CLANG_WARN__DUPLICATE_METHOD_MATCH = YES;
				"CODE_SIGN_IDENTITY[sdk=iphoneos*]" = "iPhone Developer";
				COPY_PHASE_STRIP = NO;
				ENABLE_STRICT_OBJC_MSGSEND = YES;
				GCC_C_LANGUAGE_STANDARD = gnu99;
				GCC_DYNAMIC_NO_PIC = NO;
				GCC_OPTIMIZATION_LEVEL = 0;
				GCC_PREPROCESSOR_DEFINITIONS = (
					"DEBUG=1",
					"$(inherited)",
				);
				GCC_SYMBOLS_PRIVATE_EXTERN = NO;
				GCC_WARN_64_TO_32_BIT_CONVERSION = YES;
				GCC_WARN_ABOUT_RETURN_TYPE = YES_ERROR;
				GCC_WARN_UNDECLARED_SELECTOR = YES;
				GCC_WARN_UNINITIALIZED_AUTOS = YES_AGGRESSIVE;
				GCC_WARN_UNUSED_FUNCTION = YES;
				GCC_WARN_UNUSED_VARIABLE = YES;
				IPHONEOS_DEPLOYMENT_TARGET = 8.1;
				MTL_ENABLE_DEBUG_INFO = YES;
				ONLY_ACTIVE_ARCH = YES;
				SDKROOT = iphoneos;
				SWIFT_OPTIMIZATION_LEVEL = "-Onone";
			};
			name = Debug;
		};
		0782816F1A2D4C7C00759CE8 /* Release */ = {
			isa = XCBuildConfiguration;
			buildSettings = {
				ALWAYS_SEARCH_USER_PATHS = NO;
				CLANG_CXX_LANGUAGE_STANDARD = "gnu++0x";
				CLANG_CXX_LIBRARY = "libc++";
				CLANG_ENABLE_MODULES = YES;
				CLANG_ENABLE_OBJC_ARC = YES;
				CLANG_WARN_BOOL_CONVERSION = YES;
				CLANG_WARN_CONSTANT_CONVERSION = YES;
				CLANG_WARN_DIRECT_OBJC_ISA_USAGE = YES_ERROR;
				CLANG_WARN_EMPTY_BODY = YES;
				CLANG_WARN_ENUM_CONVERSION = YES;
				CLANG_WARN_INT_CONVERSION = YES;
				CLANG_WARN_OBJC_ROOT_CLASS = YES_ERROR;
				CLANG_WARN_UNREACHABLE_CODE = YES;
				CLANG_WARN__DUPLICATE_METHOD_MATCH = YES;
				"CODE_SIGN_IDENTITY[sdk=iphoneos*]" = "iPhone Developer";
				COPY_PHASE_STRIP = YES;
				ENABLE_NS_ASSERTIONS = NO;
				ENABLE_STRICT_OBJC_MSGSEND = YES;
				GCC_C_LANGUAGE_STANDARD = gnu99;
				GCC_WARN_64_TO_32_BIT_CONVERSION = YES;
				GCC_WARN_ABOUT_RETURN_TYPE = YES_ERROR;
				GCC_WARN_UNDECLARED_SELECTOR = YES;
				GCC_WARN_UNINITIALIZED_AUTOS = YES_AGGRESSIVE;
				GCC_WARN_UNUSED_FUNCTION = YES;
				GCC_WARN_UNUSED_VARIABLE = YES;
				IPHONEOS_DEPLOYMENT_TARGET = 8.1;
				MTL_ENABLE_DEBUG_INFO = NO;
				SDKROOT = iphoneos;
				VALIDATE_PRODUCT = YES;
			};
			name = Release;
		};
		078281711A2D4C7C00759CE8 /* Debug */ = {
			isa = XCBuildConfiguration;
			buildSettings = {
				ASSETCATALOG_COMPILER_APPICON_NAME = AppIcon;
				INFOPLIST_FILE = TabBarController/Info.plist;
				LD_RUNPATH_SEARCH_PATHS = "$(inherited) @executable_path/Frameworks";
				PRODUCT_NAME = "$(TARGET_NAME)";
			};
			name = Debug;
		};
		078281721A2D4C7C00759CE8 /* Release */ = {
			isa = XCBuildConfiguration;
			buildSettings = {
				ASSETCATALOG_COMPILER_APPICON_NAME = AppIcon;
				INFOPLIST_FILE = TabBarController/Info.plist;
				LD_RUNPATH_SEARCH_PATHS = "$(inherited) @executable_path/Frameworks";
				PRODUCT_NAME = "$(TARGET_NAME)";
			};
			name = Release;
		};
		078281741A2D4C7C00759CE8 /* Debug */ = {
			isa = XCBuildConfiguration;
			buildSettings = {
				BUNDLE_LOADER = "$(TEST_HOST)";
				FRAMEWORK_SEARCH_PATHS = (
					"$(SDKROOT)/Developer/Library/Frameworks",
					"$(inherited)",
				);
				GCC_PREPROCESSOR_DEFINITIONS = (
					"DEBUG=1",
					"$(inherited)",
				);
				INFOPLIST_FILE = TabBarControllerTests/Info.plist;
				LD_RUNPATH_SEARCH_PATHS = "$(inherited) @executable_path/Frameworks @loader_path/Frameworks";
				PRODUCT_NAME = "$(TARGET_NAME)";
				TEST_HOST = "$(BUILT_PRODUCTS_DIR)/TabBarController.app/TabBarController";
			};
			name = Debug;
		};
		078281751A2D4C7C00759CE8 /* Release */ = {
			isa = XCBuildConfiguration;
			buildSettings = {
				BUNDLE_LOADER = "$(TEST_HOST)";
				FRAMEWORK_SEARCH_PATHS = (
					"$(SDKROOT)/Developer/Library/Frameworks",
					"$(inherited)",
				);
				INFOPLIST_FILE = TabBarControllerTests/Info.plist;
				LD_RUNPATH_SEARCH_PATHS = "$(inherited) @executable_path/Frameworks @loader_path/Frameworks";
				PRODUCT_NAME = "$(TARGET_NAME)";
				TEST_HOST = "$(BUILT_PRODUCTS_DIR)/TabBarController.app/TabBarController";
			};
			name = Release;
		};
/* End XCBuildConfiguration section */

/* Begin XCConfigurationList section */
		0782814C1A2D4C7C00759CE8 /* Build configuration list for PBXProject "TabBarController" */ = {
			isa = XCConfigurationList;
			buildConfigurations = (
				0782816E1A2D4C7C00759CE8 /* Debug */,
				0782816F1A2D4C7C00759CE8 /* Release */,
			);
			defaultConfigurationIsVisible = 0;
			defaultConfigurationName = Release;
		};
		078281701A2D4C7C00759CE8 /* Build configuration list for PBXNativeTarget "TabBarController" */ = {
			isa = XCConfigurationList;
			buildConfigurations = (
				078281711A2D4C7C00759CE8 /* Debug */,
				078281721A2D4C7C00759CE8 /* Release */,
			);
			defaultConfigurationIsVisible = 0;
		};
		078281731A2D4C7C00759CE8 /* Build configuration list for PBXNativeTarget "TabBarControllerTests" */ = {
			isa = XCConfigurationList;
			buildConfigurations = (
				078281741A2D4C7C00759CE8 /* Debug */,
				078281751A2D4C7C00759CE8 /* Release */,
			);
			defaultConfigurationIsVisible = 0;
		};
/* End XCConfigurationList section */
	};
	rootObject = 078281491A2D4C7C00759CE8 /* Project object */;
}
