// !$*UTF8*$!
{
	archiveVersion = 1;
	classes = {
	};
	objectVersion = 46;
	objects = {

/* Begin PBXBuildFile section */
		075FD56D1A34E0B200513A3A /* AppDelegate.swift in Sources */ = {isa = PBXBuildFile; fileRef = 075FD56C1A34E0B200513A3A /* AppDelegate.swift */; };
		075FD56F1A34E0B200513A3A /* ViewController.swift in Sources */ = {isa = PBXBuildFile; fileRef = 075FD56E1A34E0B200513A3A /* ViewController.swift */; };
		075FD5721A34E0B200513A3A /* Main.storyboard in Resources */ = {isa = PBXBuildFile; fileRef = 075FD5701A34E0B200513A3A /* Main.storyboard */; };
		075FD5741A34E0B200513A3A /* Images.xcassets in Resources */ = {isa = PBXBuildFile; fileRef = 075FD5731A34E0B200513A3A /* Images.xcassets */; };
		075FD5771A34E0B200513A3A /* LaunchScreen.xib in Resources */ = {isa = PBXBuildFile; fileRef = 075FD5751A34E0B200513A3A /* LaunchScreen.xib */; };
		075FD5831A34E0B200513A3A /* MediaPlayerFrameworkVideoSample1Tests.swift in Sources */ = {isa = PBXBuildFile; fileRef = 075FD5821A34E0B200513A3A /* MediaPlayerFrameworkVideoSample1Tests.swift */; };
		075FD58F1A34E0F000513A3A /* MediaPlayer.framework in Frameworks */ = {isa = PBXBuildFile; fileRef = 075FD58E1A34E0F000513A3A /* MediaPlayer.framework */; };
		075FD5C31A34E3FA00513A3A /* 02.mov in Resources */ = {isa = PBXBuildFile; fileRef = 075FD5C21A34E3FA00513A3A /* 02.mov */; };
/* End PBXBuildFile section */

/* Begin PBXContainerItemProxy section */
		075FD57D1A34E0B200513A3A /* PBXContainerItemProxy */ = {
			isa = PBXContainerItemProxy;
			containerPortal = 075FD55F1A34E0B200513A3A /* Project object */;
			proxyType = 1;
			remoteGlobalIDString = 075FD5661A34E0B200513A3A;
			remoteInfo = MediaPlayerFrameworkVideoSample1;
		};
/* End PBXContainerItemProxy section */

/* Begin PBXFileReference section */
		075FD5671A34E0B200513A3A /* MediaPlayerFrameworkVideoSample1.app */ = {isa = PBXFileReference; explicitFileType = wrapper.application; includeInIndex = 0; path = MediaPlayerFrameworkVideoSample1.app; sourceTree = BUILT_PRODUCTS_DIR; };
		075FD56B1A34E0B200513A3A /* Info.plist */ = {isa = PBXFileReference; lastKnownFileType = text.plist.xml; path = Info.plist; sourceTree = "<group>"; };
		075FD56C1A34E0B200513A3A /* AppDelegate.swift */ = {isa = PBXFileReference; lastKnownFileType = sourcecode.swift; path = AppDelegate.swift; sourceTree = "<group>"; };
		075FD56E1A34E0B200513A3A /* ViewController.swift */ = {isa = PBXFileReference; lastKnownFileType = sourcecode.swift; path = ViewController.swift; sourceTree = "<group>"; };
		075FD5711A34E0B200513A3A /* Base */ = {isa = PBXFileReference; lastKnownFileType = file.storyboard; name = Base; path = Base.lproj/Main.storyboard; sourceTree = "<group>"; };
		075FD5731A34E0B200513A3A /* Images.xcassets */ = {isa = PBXFileReference; lastKnownFileType = folder.assetcatalog; path = Images.xcassets; sourceTree = "<group>"; };
		075FD5761A34E0B200513A3A /* Base */ = {isa = PBXFileReference; lastKnownFileType = file.xib; name = Base; path = Base.lproj/LaunchScreen.xib; sourceTree = "<group>"; };
		075FD57C1A34E0B200513A3A /* MediaPlayerFrameworkVideoSample1Tests.xctest */ = {isa = PBXFileReference; explicitFileType = wrapper.cfbundle; includeInIndex = 0; path = MediaPlayerFrameworkVideoSample1Tests.xctest; sourceTree = BUILT_PRODUCTS_DIR; };
		075FD5811A34E0B200513A3A /* Info.plist */ = {isa = PBXFileReference; lastKnownFileType = text.plist.xml; path = Info.plist; sourceTree = "<group>"; };
		075FD5821A34E0B200513A3A /* MediaPlayerFrameworkVideoSample1Tests.swift */ = {isa = PBXFileReference; lastKnownFileType = sourcecode.swift; path = MediaPlayerFrameworkVideoSample1Tests.swift; sourceTree = "<group>"; };
		075FD58E1A34E0F000513A3A /* MediaPlayer.framework */ = {isa = PBXFileReference; lastKnownFileType = wrapper.framework; name = MediaPlayer.framework; path = System/Library/Frameworks/MediaPlayer.framework; sourceTree = SDKROOT; };
		075FD5C21A34E3FA00513A3A /* 02.mov */ = {isa = PBXFileReference; lastKnownFileType = video.quicktime; path = 02.mov; sourceTree = "<group>"; };
/* End PBXFileReference section */

/* Begin PBXFrameworksBuildPhase section */
		075FD5641A34E0B200513A3A /* Frameworks */ = {
			isa = PBXFrameworksBuildPhase;
			buildActionMask = 2147483647;
			files = (
				075FD58F1A34E0F000513A3A /* MediaPlayer.framework in Frameworks */,
			);
			runOnlyForDeploymentPostprocessing = 0;
		};
		075FD5791A34E0B200513A3A /* Frameworks */ = {
			isa = PBXFrameworksBuildPhase;
			buildActionMask = 2147483647;
			files = (
			);
			runOnlyForDeploymentPostprocessing = 0;
		};
/* End PBXFrameworksBuildPhase section */

/* Begin PBXGroup section */
		075FD55E1A34E0B200513A3A = {
			isa = PBXGroup;
			children = (
				075FD58E1A34E0F000513A3A /* MediaPlayer.framework */,
				075FD5691A34E0B200513A3A /* MediaPlayerFrameworkVideoSample1 */,
				075FD57F1A34E0B200513A3A /* MediaPlayerFrameworkVideoSample1Tests */,
				075FD5681A34E0B200513A3A /* Products */,
			);
			sourceTree = "<group>";
		};
		075FD5681A34E0B200513A3A /* Products */ = {
			isa = PBXGroup;
			children = (
				075FD5671A34E0B200513A3A /* MediaPlayerFrameworkVideoSample1.app */,
				075FD57C1A34E0B200513A3A /* MediaPlayerFrameworkVideoSample1Tests.xctest */,
			);
			name = Products;
			sourceTree = "<group>";
		};
		075FD5691A34E0B200513A3A /* MediaPlayerFrameworkVideoSample1 */ = {
			isa = PBXGroup;
			children = (
				075FD5C21A34E3FA00513A3A /* 02.mov */,
				075FD56C1A34E0B200513A3A /* AppDelegate.swift */,
				075FD56E1A34E0B200513A3A /* ViewController.swift */,
				075FD5701A34E0B200513A3A /* Main.storyboard */,
				075FD5731A34E0B200513A3A /* Images.xcassets */,
				075FD5751A34E0B200513A3A /* LaunchScreen.xib */,
				075FD56A1A34E0B200513A3A /* Supporting Files */,
			);
			path = MediaPlayerFrameworkVideoSample1;
			sourceTree = "<group>";
		};
		075FD56A1A34E0B200513A3A /* Supporting Files */ = {
			isa = PBXGroup;
			children = (
				075FD56B1A34E0B200513A3A /* Info.plist */,
			);
			name = "Supporting Files";
			sourceTree = "<group>";
		};
		075FD57F1A34E0B200513A3A /* MediaPlayerFrameworkVideoSample1Tests */ = {
			isa = PBXGroup;
			children = (
				075FD5821A34E0B200513A3A /* MediaPlayerFrameworkVideoSample1Tests.swift */,
				075FD5801A34E0B200513A3A /* Supporting Files */,
			);
			path = MediaPlayerFrameworkVideoSample1Tests;
			sourceTree = "<group>";
		};
		075FD5801A34E0B200513A3A /* Supporting Files */ = {
			isa = PBXGroup;
			children = (
				075FD5811A34E0B200513A3A /* Info.plist */,
			);
			name = "Supporting Files";
			sourceTree = "<group>";
		};
/* End PBXGroup section */

/* Begin PBXNativeTarget section */
		075FD5661A34E0B200513A3A /* MediaPlayerFrameworkVideoSample1 */ = {
			isa = PBXNativeTarget;
			buildConfigurationList = 075FD5861A34E0B200513A3A /* Build configuration list for PBXNativeTarget "MediaPlayerFrameworkVideoSample1" */;
			buildPhases = (
				075FD5631A34E0B200513A3A /* Sources */,
				075FD5641A34E0B200513A3A /* Frameworks */,
				075FD5651A34E0B200513A3A /* Resources */,
			);
			buildRules = (
			);
			dependencies = (
			);
			name = MediaPlayerFrameworkVideoSample1;
			productName = MediaPlayerFrameworkVideoSample1;
			productReference = 075FD5671A34E0B200513A3A /* MediaPlayerFrameworkVideoSample1.app */;
			productType = "com.apple.product-type.application";
		};
		075FD57B1A34E0B200513A3A /* MediaPlayerFrameworkVideoSample1Tests */ = {
			isa = PBXNativeTarget;
			buildConfigurationList = 075FD5891A34E0B200513A3A /* Build configuration list for PBXNativeTarget "MediaPlayerFrameworkVideoSample1Tests" */;
			buildPhases = (
				075FD5781A34E0B200513A3A /* Sources */,
				075FD5791A34E0B200513A3A /* Frameworks */,
				075FD57A1A34E0B200513A3A /* Resources */,
			);
			buildRules = (
			);
			dependencies = (
				075FD57E1A34E0B200513A3A /* PBXTargetDependency */,
			);
			name = MediaPlayerFrameworkVideoSample1Tests;
			productName = MediaPlayerFrameworkVideoSample1Tests;
			productReference = 075FD57C1A34E0B200513A3A /* MediaPlayerFrameworkVideoSample1Tests.xctest */;
			productType = "com.apple.product-type.bundle.unit-test";
		};
/* End PBXNativeTarget section */

/* Begin PBXProject section */
		075FD55F1A34E0B200513A3A /* Project object */ = {
			isa = PBXProject;
			attributes = {
				LastUpgradeCheck = 0610;
				ORGANIZATIONNAME = "Carlos Butron";
				TargetAttributes = {
					075FD5661A34E0B200513A3A = {
						CreatedOnToolsVersion = 6.1;
					};
					075FD57B1A34E0B200513A3A = {
						CreatedOnToolsVersion = 6.1;
						TestTargetID = 075FD5661A34E0B200513A3A;
					};
				};
			};
			buildConfigurationList = 075FD5621A34E0B200513A3A /* Build configuration list for PBXProject "MediaPlayerFrameworkVideoSample1" */;
			compatibilityVersion = "Xcode 3.2";
			developmentRegion = English;
			hasScannedForEncodings = 0;
			knownRegions = (
				en,
				Base,
			);
			mainGroup = 075FD55E1A34E0B200513A3A;
			productRefGroup = 075FD5681A34E0B200513A3A /* Products */;
			projectDirPath = "";
			projectRoot = "";
			targets = (
				075FD5661A34E0B200513A3A /* MediaPlayerFrameworkVideoSample1 */,
				075FD57B1A34E0B200513A3A /* MediaPlayerFrameworkVideoSample1Tests */,
			);
		};
/* End PBXProject section */

/* Begin PBXResourcesBuildPhase section */
		075FD5651A34E0B200513A3A /* Resources */ = {
			isa = PBXResourcesBuildPhase;
			buildActionMask = 2147483647;
			files = (
				075FD5C31A34E3FA00513A3A /* 02.mov in Resources */,
				075FD5721A34E0B200513A3A /* Main.storyboard in Resources */,
				075FD5771A34E0B200513A3A /* LaunchScreen.xib in Resources */,
				075FD5741A34E0B200513A3A /* Images.xcassets in Resources */,
			);
			runOnlyForDeploymentPostprocessing = 0;
		};
		075FD57A1A34E0B200513A3A /* Resources */ = {
			isa = PBXResourcesBuildPhase;
			buildActionMask = 2147483647;
			files = (
			);
			runOnlyForDeploymentPostprocessing = 0;
		};
/* End PBXResourcesBuildPhase section */

/* Begin PBXSourcesBuildPhase section */
		075FD5631A34E0B200513A3A /* Sources */ = {
			isa = PBXSourcesBuildPhase;
			buildActionMask = 2147483647;
			files = (
				075FD56F1A34E0B200513A3A /* ViewController.swift in Sources */,
				075FD56D1A34E0B200513A3A /* AppDelegate.swift in Sources */,
			);
			runOnlyForDeploymentPostprocessing = 0;
		};
		075FD5781A34E0B200513A3A /* Sources */ = {
			isa = PBXSourcesBuildPhase;
			buildActionMask = 2147483647;
			files = (
				075FD5831A34E0B200513A3A /* MediaPlayerFrameworkVideoSample1Tests.swift in Sources */,
			);
			runOnlyForDeploymentPostprocessing = 0;
		};
/* End PBXSourcesBuildPhase section */

/* Begin PBXTargetDependency section */
		075FD57E1A34E0B200513A3A /* PBXTargetDependency */ = {
			isa = PBXTargetDependency;
			target = 075FD5661A34E0B200513A3A /* MediaPlayerFrameworkVideoSample1 */;
			targetProxy = 075FD57D1A34E0B200513A3A /* PBXContainerItemProxy */;
		};
/* End PBXTargetDependency section */

/* Begin PBXVariantGroup section */
		075FD5701A34E0B200513A3A /* Main.storyboard */ = {
			isa = PBXVariantGroup;
			children = (
				075FD5711A34E0B200513A3A /* Base */,
			);
			name = Main.storyboard;
			sourceTree = "<group>";
		};
		075FD5751A34E0B200513A3A /* LaunchScreen.xib */ = {
			isa = PBXVariantGroup;
			children = (
				075FD5761A34E0B200513A3A /* Base */,
			);
			name = LaunchScreen.xib;
			sourceTree = "<group>";
		};
/* End PBXVariantGroup section */

/* Begin XCBuildConfiguration section */
		075FD5841A34E0B200513A3A /* Debug */ = {
			isa = XCBuildConfiguration;
			buildSettings = {
				ALWAYS_SEARCH_USER_PATHS = NO;
				CLANG_CXX_LANGUAGE_STANDARD = "gnu++0x";
				CLANG_CXX_LIBRARY = "libc++";
				CLANG_ENABLE_MODULES = YES;
				CLANG_ENABLE_OBJC_ARC = YES;
				CLANG_WARN_BOOL_CONVERSION = YES;
				CLANG_WARN_CONSTANT_CONVERSION = YES;
				CLANG_WARN_DIRECT_OBJC_ISA_USAGE = YES_ERROR;
				CLANG_WARN_EMPTY_BODY = YES;
				CLANG_WARN_ENUM_CONVERSION = YES;
				CLANG_WARN_INT_CONVERSION = YES;
				CLANG_WARN_OBJC_ROOT_CLASS = YES_ERROR;
				CLANG_WARN_UNREACHABLE_CODE = YES;
				CLANG_WARN__DUPLICATE_METHOD_MATCH = YES;
				"CODE_SIGN_IDENTITY[sdk=iphoneos*]" = "iPhone Developer";
				COPY_PHASE_STRIP = NO;
				ENABLE_STRICT_OBJC_MSGSEND = YES;
				GCC_C_LANGUAGE_STANDARD = gnu99;
				GCC_DYNAMIC_NO_PIC = NO;
				GCC_OPTIMIZATION_LEVEL = 0;
				GCC_PREPROCESSOR_DEFINITIONS = (
					"DEBUG=1",
					"$(inherited)",
				);
				GCC_SYMBOLS_PRIVATE_EXTERN = NO;
				GCC_WARN_64_TO_32_BIT_CONVERSION = YES;
				GCC_WARN_ABOUT_RETURN_TYPE = YES_ERROR;
				GCC_WARN_UNDECLARED_SELECTOR = YES;
				GCC_WARN_UNINITIALIZED_AUTOS = YES_AGGRESSIVE;
				GCC_WARN_UNUSED_FUNCTION = YES;
				GCC_WARN_UNUSED_VARIABLE = YES;
				IPHONEOS_DEPLOYMENT_TARGET = 8.1;
				MTL_ENABLE_DEBUG_INFO = YES;
				ONLY_ACTIVE_ARCH = YES;
				SDKROOT = iphoneos;
				SWIFT_OPTIMIZATION_LEVEL = "-Onone";
			};
			name = Debug;
		};
		075FD5851A34E0B200513A3A /* Release */ = {
			isa = XCBuildConfiguration;
			buildSettings = {
				ALWAYS_SEARCH_USER_PATHS = NO;
				CLANG_CXX_LANGUAGE_STANDARD = "gnu++0x";
				CLANG_CXX_LIBRARY = "libc++";
				CLANG_ENABLE_MODULES = YES;
				CLANG_ENABLE_OBJC_ARC = YES;
				CLANG_WARN_BOOL_CONVERSION = YES;
				CLANG_WARN_CONSTANT_CONVERSION = YES;
				CLANG_WARN_DIRECT_OBJC_ISA_USAGE = YES_ERROR;
				CLANG_WARN_EMPTY_BODY = YES;
				CLANG_WARN_ENUM_CONVERSION = YES;
				CLANG_WARN_INT_CONVERSION = YES;
				CLANG_WARN_OBJC_ROOT_CLASS = YES_ERROR;
				CLANG_WARN_UNREACHABLE_CODE = YES;
				CLANG_WARN__DUPLICATE_METHOD_MATCH = YES;
				"CODE_SIGN_IDENTITY[sdk=iphoneos*]" = "iPhone Developer";
				COPY_PHASE_STRIP = YES;
				ENABLE_NS_ASSERTIONS = NO;
				ENABLE_STRICT_OBJC_MSGSEND = YES;
				GCC_C_LANGUAGE_STANDARD = gnu99;
				GCC_WARN_64_TO_32_BIT_CONVERSION = YES;
				GCC_WARN_ABOUT_RETURN_TYPE = YES_ERROR;
				GCC_WARN_UNDECLARED_SELECTOR = YES;
				GCC_WARN_UNINITIALIZED_AUTOS = YES_AGGRESSIVE;
				GCC_WARN_UNUSED_FUNCTION = YES;
				GCC_WARN_UNUSED_VARIABLE = YES;
				IPHONEOS_DEPLOYMENT_TARGET = 8.1;
				MTL_ENABLE_DEBUG_INFO = NO;
				SDKROOT = iphoneos;
				VALIDATE_PRODUCT = YES;
			};
			name = Release;
		};
		075FD5871A34E0B200513A3A /* Debug */ = {
			isa = XCBuildConfiguration;
			buildSettings = {
				ASSETCATALOG_COMPILER_APPICON_NAME = AppIcon;
				INFOPLIST_FILE = MediaPlayerFrameworkVideoSample1/Info.plist;
				LD_RUNPATH_SEARCH_PATHS = "$(inherited) @executable_path/Frameworks";
				PRODUCT_NAME = "$(TARGET_NAME)";
			};
			name = Debug;
		};
		075FD5881A34E0B200513A3A /* Release */ = {
			isa = XCBuildConfiguration;
			buildSettings = {
				ASSETCATALOG_COMPILER_APPICON_NAME = AppIcon;
				INFOPLIST_FILE = MediaPlayerFrameworkVideoSample1/Info.plist;
				LD_RUNPATH_SEARCH_PATHS = "$(inherited) @executable_path/Frameworks";
				PRODUCT_NAME = "$(TARGET_NAME)";
			};
			name = Release;
		};
		075FD58A1A34E0B200513A3A /* Debug */ = {
			isa = XCBuildConfiguration;
			buildSettings = {
				BUNDLE_LOADER = "$(TEST_HOST)";
				FRAMEWORK_SEARCH_PATHS = (
					"$(SDKROOT)/Developer/Library/Frameworks",
					"$(inherited)",
				);
				GCC_PREPROCESSOR_DEFINITIONS = (
					"DEBUG=1",
					"$(inherited)",
				);
				INFOPLIST_FILE = MediaPlayerFrameworkVideoSample1Tests/Info.plist;
				LD_RUNPATH_SEARCH_PATHS = "$(inherited) @executable_path/Frameworks @loader_path/Frameworks";
				PRODUCT_NAME = "$(TARGET_NAME)";
				TEST_HOST = "$(BUILT_PRODUCTS_DIR)/MediaPlayerFrameworkVideoSample1.app/MediaPlayerFrameworkVideoSample1";
			};
			name = Debug;
		};
		075FD58B1A34E0B200513A3A /* Release */ = {
			isa = XCBuildConfiguration;
			buildSettings = {
				BUNDLE_LOADER = "$(TEST_HOST)";
				FRAMEWORK_SEARCH_PATHS = (
					"$(SDKROOT)/Developer/Library/Frameworks",
					"$(inherited)",
				);
				INFOPLIST_FILE = MediaPlayerFrameworkVideoSample1Tests/Info.plist;
				LD_RUNPATH_SEARCH_PATHS = "$(inherited) @executable_path/Frameworks @loader_path/Frameworks";
				PRODUCT_NAME = "$(TARGET_NAME)";
				TEST_HOST = "$(BUILT_PRODUCTS_DIR)/MediaPlayerFrameworkVideoSample1.app/MediaPlayerFrameworkVideoSample1";
			};
			name = Release;
		};
/* End XCBuildConfiguration section */

/* Begin XCConfigurationList section */
		075FD5621A34E0B200513A3A /* Build configuration list for PBXProject "MediaPlayerFrameworkVideoSample1" */ = {
			isa = XCConfigurationList;
			buildConfigurations = (
				075FD5841A34E0B200513A3A /* Debug */,
				075FD5851A34E0B200513A3A /* Release */,
			);
			defaultConfigurationIsVisible = 0;
			defaultConfigurationName = Release;
		};
		075FD5861A34E0B200513A3A /* Build configuration list for PBXNativeTarget "MediaPlayerFrameworkVideoSample1" */ = {
			isa = XCConfigurationList;
			buildConfigurations = (
				075FD5871A34E0B200513A3A /* Debug */,
				075FD5881A34E0B200513A3A /* Release */,
			);
			defaultConfigurationIsVisible = 0;
		};
		075FD5891A34E0B200513A3A /* Build configuration list for PBXNativeTarget "MediaPlayerFrameworkVideoSample1Tests" */ = {
			isa = XCConfigurationList;
			buildConfigurations = (
				075FD58A1A34E0B200513A3A /* Debug */,
				075FD58B1A34E0B200513A3A /* Release */,
			);
			defaultConfigurationIsVisible = 0;
		};
/* End XCConfigurationList section */
	};
	rootObject = 075FD55F1A34E0B200513A3A /* Project object */;
}
