// !$*UTF8*$!
{
	archiveVersion = 1;
	classes = {
	};
	objectVersion = 46;
	objects = {

/* Begin PBXBuildFile section */
		0732A6A71A3634BC00F6CEC3 /* AppDelegate.swift in Sources */ = {isa = PBXBuildFile; fileRef = 0732A6A61A3634BC00F6CEC3 /* AppDelegate.swift */; };
		0732A6A91A3634BC00F6CEC3 /* ViewController.swift in Sources */ = {isa = PBXBuildFile; fileRef = 0732A6A81A3634BC00F6CEC3 /* ViewController.swift */; };
		0732A6AC1A3634BC00F6CEC3 /* Main.storyboard in Resources */ = {isa = PBXBuildFile; fileRef = 0732A6AA1A3634BC00F6CEC3 /* Main.storyboard */; };
		0732A6AE1A3634BC00F6CEC3 /* Images.xcassets in Resources */ = {isa = PBXBuildFile; fileRef = 0732A6AD1A3634BC00F6CEC3 /* Images.xcassets */; };
		0732A6B11A3634BC00F6CEC3 /* LaunchScreen.xib in Resources */ = {isa = PBXBuildFile; fileRef = 0732A6AF1A3634BC00F6CEC3 /* LaunchScreen.xib */; };
		0732A6BD1A3634BC00F6CEC3 /* UIImagePickerControllerCameraTests.swift in Sources */ = {isa = PBXBuildFile; fileRef = 0732A6BC1A3634BC00F6CEC3 /* UIImagePickerControllerCameraTests.swift */; };
		0732A6C71A3634C600F6CEC3 /* MediaPlayer.framework in Frameworks */ = {isa = PBXBuildFile; fileRef = 0732A6C61A3634C600F6CEC3 /* MediaPlayer.framework */; };
/* End PBXBuildFile section */

/* Begin PBXContainerItemProxy section */
		0732A6B71A3634BC00F6CEC3 /* PBXContainerItemProxy */ = {
			isa = PBXContainerItemProxy;
			containerPortal = 0732A6991A3634BC00F6CEC3 /* Project object */;
			proxyType = 1;
			remoteGlobalIDString = 0732A6A01A3634BC00F6CEC3;
			remoteInfo = UIImagePickerControllerCamera;
		};
/* End PBXContainerItemProxy section */

/* Begin PBXFileReference section */
		0732A6A11A3634BC00F6CEC3 /* UIImagePickerControllerCamera.app */ = {isa = PBXFileReference; explicitFileType = wrapper.application; includeInIndex = 0; path = UIImagePickerControllerCamera.app; sourceTree = BUILT_PRODUCTS_DIR; };
		0732A6A51A3634BC00F6CEC3 /* Info.plist */ = {isa = PBXFileReference; lastKnownFileType = text.plist.xml; path = Info.plist; sourceTree = "<group>"; };
		0732A6A61A3634BC00F6CEC3 /* AppDelegate.swift */ = {isa = PBXFileReference; lastKnownFileType = sourcecode.swift; path = AppDelegate.swift; sourceTree = "<group>"; };
		0732A6A81A3634BC00F6CEC3 /* ViewController.swift */ = {isa = PBXFileReference; lastKnownFileType = sourcecode.swift; path = ViewController.swift; sourceTree = "<group>"; };
		0732A6AB1A3634BC00F6CEC3 /* Base */ = {isa = PBXFileReference; lastKnownFileType = file.storyboard; name = Base; path = Base.lproj/Main.storyboard; sourceTree = "<group>"; };
		0732A6AD1A3634BC00F6CEC3 /* Images.xcassets */ = {isa = PBXFileReference; lastKnownFileType = folder.assetcatalog; path = Images.xcassets; sourceTree = "<group>"; };
		0732A6B01A3634BC00F6CEC3 /* Base */ = {isa = PBXFileReference; lastKnownFileType = file.xib; name = Base; path = Base.lproj/LaunchScreen.xib; sourceTree = "<group>"; };
		0732A6B61A3634BC00F6CEC3 /* UIImagePickerControllerCameraTests.xctest */ = {isa = PBXFileReference; explicitFileType = wrapper.cfbundle; includeInIndex = 0; path = UIImagePickerControllerCameraTests.xctest; sourceTree = BUILT_PRODUCTS_DIR; };
		0732A6BB1A3634BC00F6CEC3 /* Info.plist */ = {isa = PBXFileReference; lastKnownFileType = text.plist.xml; path = Info.plist; sourceTree = "<group>"; };
		0732A6BC1A3634BC00F6CEC3 /* UIImagePickerControllerCameraTests.swift */ = {isa = PBXFileReference; lastKnownFileType = sourcecode.swift; path = UIImagePickerControllerCameraTests.swift; sourceTree = "<group>"; };
		0732A6C61A3634C600F6CEC3 /* MediaPlayer.framework */ = {isa = PBXFileReference; lastKnownFileType = wrapper.framework; name = MediaPlayer.framework; path = System/Library/Frameworks/MediaPlayer.framework; sourceTree = SDKROOT; };
/* End PBXFileReference section */

/* Begin PBXFrameworksBuildPhase section */
		0732A69E1A3634BC00F6CEC3 /* Frameworks */ = {
			isa = PBXFrameworksBuildPhase;
			buildActionMask = 2147483647;
			files = (
				0732A6C71A3634C600F6CEC3 /* MediaPlayer.framework in Frameworks */,
			);
			runOnlyForDeploymentPostprocessing = 0;
		};
		0732A6B31A3634BC00F6CEC3 /* Frameworks */ = {
			isa = PBXFrameworksBuildPhase;
			buildActionMask = 2147483647;
			files = (
			);
			runOnlyForDeploymentPostprocessing = 0;
		};
/* End PBXFrameworksBuildPhase section */

/* Begin PBXGroup section */
		0732A6981A3634BC00F6CEC3 = {
			isa = PBXGroup;
			children = (
				0732A6C61A3634C600F6CEC3 /* MediaPlayer.framework */,
				0732A6A31A3634BC00F6CEC3 /* UIImagePickerControllerCamera */,
				0732A6B91A3634BC00F6CEC3 /* UIImagePickerControllerCameraTests */,
				0732A6A21A3634BC00F6CEC3 /* Products */,
			);
			sourceTree = "<group>";
		};
		0732A6A21A3634BC00F6CEC3 /* Products */ = {
			isa = PBXGroup;
			children = (
				0732A6A11A3634BC00F6CEC3 /* UIImagePickerControllerCamera.app */,
				0732A6B61A3634BC00F6CEC3 /* UIImagePickerControllerCameraTests.xctest */,
			);
			name = Products;
			sourceTree = "<group>";
		};
		0732A6A31A3634BC00F6CEC3 /* UIImagePickerControllerCamera */ = {
			isa = PBXGroup;
			children = (
				0732A6A61A3634BC00F6CEC3 /* AppDelegate.swift */,
				0732A6A81A3634BC00F6CEC3 /* ViewController.swift */,
				0732A6AA1A3634BC00F6CEC3 /* Main.storyboard */,
				0732A6AD1A3634BC00F6CEC3 /* Images.xcassets */,
				0732A6AF1A3634BC00F6CEC3 /* LaunchScreen.xib */,
				0732A6A41A3634BC00F6CEC3 /* Supporting Files */,
			);
			path = UIImagePickerControllerCamera;
			sourceTree = "<group>";
		};
		0732A6A41A3634BC00F6CEC3 /* Supporting Files */ = {
			isa = PBXGroup;
			children = (
				0732A6A51A3634BC00F6CEC3 /* Info.plist */,
			);
			name = "Supporting Files";
			sourceTree = "<group>";
		};
		0732A6B91A3634BC00F6CEC3 /* UIImagePickerControllerCameraTests */ = {
			isa = PBXGroup;
			children = (
				0732A6BC1A3634BC00F6CEC3 /* UIImagePickerControllerCameraTests.swift */,
				0732A6BA1A3634BC00F6CEC3 /* Supporting Files */,
			);
			path = UIImagePickerControllerCameraTests;
			sourceTree = "<group>";
		};
		0732A6BA1A3634BC00F6CEC3 /* Supporting Files */ = {
			isa = PBXGroup;
			children = (
				0732A6BB1A3634BC00F6CEC3 /* Info.plist */,
			);
			name = "Supporting Files";
			sourceTree = "<group>";
		};
/* End PBXGroup section */

/* Begin PBXNativeTarget section */
		0732A6A01A3634BC00F6CEC3 /* UIImagePickerControllerCamera */ = {
			isa = PBXNativeTarget;
			buildConfigurationList = 0732A6C01A3634BC00F6CEC3 /* Build configuration list for PBXNativeTarget "UIImagePickerControllerCamera" */;
			buildPhases = (
				0732A69D1A3634BC00F6CEC3 /* Sources */,
				0732A69E1A3634BC00F6CEC3 /* Frameworks */,
				0732A69F1A3634BC00F6CEC3 /* Resources */,
			);
			buildRules = (
			);
			dependencies = (
			);
			name = UIImagePickerControllerCamera;
			productName = UIImagePickerControllerCamera;
			productReference = 0732A6A11A3634BC00F6CEC3 /* UIImagePickerControllerCamera.app */;
			productType = "com.apple.product-type.application";
		};
		0732A6B51A3634BC00F6CEC3 /* UIImagePickerControllerCameraTests */ = {
			isa = PBXNativeTarget;
			buildConfigurationList = 0732A6C31A3634BC00F6CEC3 /* Build configuration list for PBXNativeTarget "UIImagePickerControllerCameraTests" */;
			buildPhases = (
				0732A6B21A3634BC00F6CEC3 /* Sources */,
				0732A6B31A3634BC00F6CEC3 /* Frameworks */,
				0732A6B41A3634BC00F6CEC3 /* Resources */,
			);
			buildRules = (
			);
			dependencies = (
				0732A6B81A3634BC00F6CEC3 /* PBXTargetDependency */,
			);
			name = UIImagePickerControllerCameraTests;
			productName = UIImagePickerControllerCameraTests;
			productReference = 0732A6B61A3634BC00F6CEC3 /* UIImagePickerControllerCameraTests.xctest */;
			productType = "com.apple.product-type.bundle.unit-test";
		};
/* End PBXNativeTarget section */

/* Begin PBXProject section */
		0732A6991A3634BC00F6CEC3 /* Project object */ = {
			isa = PBXProject;
			attributes = {
				LastUpgradeCheck = 0610;
				ORGANIZATIONNAME = "Carlos Butron";
				TargetAttributes = {
					0732A6A01A3634BC00F6CEC3 = {
						CreatedOnToolsVersion = 6.1;
					};
					0732A6B51A3634BC00F6CEC3 = {
						CreatedOnToolsVersion = 6.1;
						TestTargetID = 0732A6A01A3634BC00F6CEC3;
					};
				};
			};
			buildConfigurationList = 0732A69C1A3634BC00F6CEC3 /* Build configuration list for PBXProject "UIImagePickerControllerCamera" */;
			compatibilityVersion = "Xcode 3.2";
			developmentRegion = English;
			hasScannedForEncodings = 0;
			knownRegions = (
				en,
				Base,
			);
			mainGroup = 0732A6981A3634BC00F6CEC3;
			productRefGroup = 0732A6A21A3634BC00F6CEC3 /* Products */;
			projectDirPath = "";
			projectRoot = "";
			targets = (
				0732A6A01A3634BC00F6CEC3 /* UIImagePickerControllerCamera */,
				0732A6B51A3634BC00F6CEC3 /* UIImagePickerControllerCameraTests */,
			);
		};
/* End PBXProject section */

/* Begin PBXResourcesBuildPhase section */
		0732A69F1A3634BC00F6CEC3 /* Resources */ = {
			isa = PBXResourcesBuildPhase;
			buildActionMask = 2147483647;
			files = (
				0732A6AC1A3634BC00F6CEC3 /* Main.storyboard in Resources */,
				0732A6B11A3634BC00F6CEC3 /* LaunchScreen.xib in Resources */,
				0732A6AE1A3634BC00F6CEC3 /* Images.xcassets in Resources */,
			);
			runOnlyForDeploymentPostprocessing = 0;
		};
		0732A6B41A3634BC00F6CEC3 /* Resources */ = {
			isa = PBXResourcesBuildPhase;
			buildActionMask = 2147483647;
			files = (
			);
			runOnlyForDeploymentPostprocessing = 0;
		};
/* End PBXResourcesBuildPhase section */

/* Begin PBXSourcesBuildPhase section */
		0732A69D1A3634BC00F6CEC3 /* Sources */ = {
			isa = PBXSourcesBuildPhase;
			buildActionMask = 2147483647;
			files = (
				0732A6A91A3634BC00F6CEC3 /* ViewController.swift in Sources */,
				0732A6A71A3634BC00F6CEC3 /* AppDelegate.swift in Sources */,
			);
			runOnlyForDeploymentPostprocessing = 0;
		};
		0732A6B21A3634BC00F6CEC3 /* Sources */ = {
			isa = PBXSourcesBuildPhase;
			buildActionMask = 2147483647;
			files = (
				0732A6BD1A3634BC00F6CEC3 /* UIImagePickerControllerCameraTests.swift in Sources */,
			);
			runOnlyForDeploymentPostprocessing = 0;
		};
/* End PBXSourcesBuildPhase section */

/* Begin PBXTargetDependency section */
		0732A6B81A3634BC00F6CEC3 /* PBXTargetDependency */ = {
			isa = PBXTargetDependency;
			target = 0732A6A01A3634BC00F6CEC3 /* UIImagePickerControllerCamera */;
			targetProxy = 0732A6B71A3634BC00F6CEC3 /* PBXContainerItemProxy */;
		};
/* End PBXTargetDependency section */

/* Begin PBXVariantGroup section */
		0732A6AA1A3634BC00F6CEC3 /* Main.storyboard */ = {
			isa = PBXVariantGroup;
			children = (
				0732A6AB1A3634BC00F6CEC3 /* Base */,
			);
			name = Main.storyboard;
			sourceTree = "<group>";
		};
		0732A6AF1A3634BC00F6CEC3 /* LaunchScreen.xib */ = {
			isa = PBXVariantGroup;
			children = (
				0732A6B01A3634BC00F6CEC3 /* Base */,
			);
			name = LaunchScreen.xib;
			sourceTree = "<group>";
		};
/* End PBXVariantGroup section */

/* Begin XCBuildConfiguration section */
		0732A6BE1A3634BC00F6CEC3 /* Debug */ = {
			isa = XCBuildConfiguration;
			buildSettings = {
				ALWAYS_SEARCH_USER_PATHS = NO;
				CLANG_CXX_LANGUAGE_STANDARD = "gnu++0x";
				CLANG_CXX_LIBRARY = "libc++";
				CLANG_ENABLE_MODULES = YES;
				CLANG_ENABLE_OBJC_ARC = YES;
				CLANG_WARN_BOOL_CONVERSION = YES;
				CLANG_WARN_CONSTANT_CONVERSION = YES;
				CLANG_WARN_DIRECT_OBJC_ISA_USAGE = YES_ERROR;
				CLANG_WARN_EMPTY_BODY = YES;
				CLANG_WARN_ENUM_CONVERSION = YES;
				CLANG_WARN_INT_CONVERSION = YES;
				CLANG_WARN_OBJC_ROOT_CLASS = YES_ERROR;
				CLANG_WARN_UNREACHABLE_CODE = YES;
				CLANG_WARN__DUPLICATE_METHOD_MATCH = YES;
				"CODE_SIGN_IDENTITY[sdk=iphoneos*]" = "iPhone Developer";
				COPY_PHASE_STRIP = NO;
				ENABLE_STRICT_OBJC_MSGSEND = YES;
				GCC_C_LANGUAGE_STANDARD = gnu99;
				GCC_DYNAMIC_NO_PIC = NO;
				GCC_OPTIMIZATION_LEVEL = 0;
				GCC_PREPROCESSOR_DEFINITIONS = (
					"DEBUG=1",
					"$(inherited)",
				);
				GCC_SYMBOLS_PRIVATE_EXTERN = NO;
				GCC_WARN_64_TO_32_BIT_CONVERSION = YES;
				GCC_WARN_ABOUT_RETURN_TYPE = YES_ERROR;
				GCC_WARN_UNDECLARED_SELECTOR = YES;
				GCC_WARN_UNINITIALIZED_AUTOS = YES_AGGRESSIVE;
				GCC_WARN_UNUSED_FUNCTION = YES;
				GCC_WARN_UNUSED_VARIABLE = YES;
				IPHONEOS_DEPLOYMENT_TARGET = 8.1;
				MTL_ENABLE_DEBUG_INFO = YES;
				ONLY_ACTIVE_ARCH = YES;
				SDKROOT = iphoneos;
				SWIFT_OPTIMIZATION_LEVEL = "-Onone";
			};
			name = Debug;
		};
		0732A6BF1A3634BC00F6CEC3 /* Release */ = {
			isa = XCBuildConfiguration;
			buildSettings = {
				ALWAYS_SEARCH_USER_PATHS = NO;
				CLANG_CXX_LANGUAGE_STANDARD = "gnu++0x";
				CLANG_CXX_LIBRARY = "libc++";
				CLANG_ENABLE_MODULES = YES;
				CLANG_ENABLE_OBJC_ARC = YES;
				CLANG_WARN_BOOL_CONVERSION = YES;
				CLANG_WARN_CONSTANT_CONVERSION = YES;
				CLANG_WARN_DIRECT_OBJC_ISA_USAGE = YES_ERROR;
				CLANG_WARN_EMPTY_BODY = YES;
				CLANG_WARN_ENUM_CONVERSION = YES;
				CLANG_WARN_INT_CONVERSION = YES;
				CLANG_WARN_OBJC_ROOT_CLASS = YES_ERROR;
				CLANG_WARN_UNREACHABLE_CODE = YES;
				CLANG_WARN__DUPLICATE_METHOD_MATCH = YES;
				"CODE_SIGN_IDENTITY[sdk=iphoneos*]" = "iPhone Developer";
				COPY_PHASE_STRIP = YES;
				ENABLE_NS_ASSERTIONS = NO;
				ENABLE_STRICT_OBJC_MSGSEND = YES;
				GCC_C_LANGUAGE_STANDARD = gnu99;
				GCC_WARN_64_TO_32_BIT_CONVERSION = YES;
				GCC_WARN_ABOUT_RETURN_TYPE = YES_ERROR;
				GCC_WARN_UNDECLARED_SELECTOR = YES;
				GCC_WARN_UNINITIALIZED_AUTOS = YES_AGGRESSIVE;
				GCC_WARN_UNUSED_FUNCTION = YES;
				GCC_WARN_UNUSED_VARIABLE = YES;
				IPHONEOS_DEPLOYMENT_TARGET = 8.1;
				MTL_ENABLE_DEBUG_INFO = NO;
				SDKROOT = iphoneos;
				VALIDATE_PRODUCT = YES;
			};
			name = Release;
		};
		0732A6C11A3634BC00F6CEC3 /* Debug */ = {
			isa = XCBuildConfiguration;
			buildSettings = {
				ASSETCATALOG_COMPILER_APPICON_NAME = AppIcon;
				INFOPLIST_FILE = UIImagePickerControllerCamera/Info.plist;
				LD_RUNPATH_SEARCH_PATHS = "$(inherited) @executable_path/Frameworks";
				PRODUCT_NAME = "$(TARGET_NAME)";
			};
			name = Debug;
		};
		0732A6C21A3634BC00F6CEC3 /* Release */ = {
			isa = XCBuildConfiguration;
			buildSettings = {
				ASSETCATALOG_COMPILER_APPICON_NAME = AppIcon;
				INFOPLIST_FILE = UIImagePickerControllerCamera/Info.plist;
				LD_RUNPATH_SEARCH_PATHS = "$(inherited) @executable_path/Frameworks";
				PRODUCT_NAME = "$(TARGET_NAME)";
			};
			name = Release;
		};
		0732A6C41A3634BC00F6CEC3 /* Debug */ = {
			isa = XCBuildConfiguration;
			buildSettings = {
				BUNDLE_LOADER = "$(TEST_HOST)";
				FRAMEWORK_SEARCH_PATHS = (
					"$(SDKROOT)/Developer/Library/Frameworks",
					"$(inherited)",
				);
				GCC_PREPROCESSOR_DEFINITIONS = (
					"DEBUG=1",
					"$(inherited)",
				);
				INFOPLIST_FILE = UIImagePickerControllerCameraTests/Info.plist;
				LD_RUNPATH_SEARCH_PATHS = "$(inherited) @executable_path/Frameworks @loader_path/Frameworks";
				PRODUCT_NAME = "$(TARGET_NAME)";
				TEST_HOST = "$(BUILT_PRODUCTS_DIR)/UIImagePickerControllerCamera.app/UIImagePickerControllerCamera";
			};
			name = Debug;
		};
		0732A6C51A3634BC00F6CEC3 /* Release */ = {
			isa = XCBuildConfiguration;
			buildSettings = {
				BUNDLE_LOADER = "$(TEST_HOST)";
				FRAMEWORK_SEARCH_PATHS = (
					"$(SDKROOT)/Developer/Library/Frameworks",
					"$(inherited)",
				);
				INFOPLIST_FILE = UIImagePickerControllerCameraTests/Info.plist;
				LD_RUNPATH_SEARCH_PATHS = "$(inherited) @executable_path/Frameworks @loader_path/Frameworks";
				PRODUCT_NAME = "$(TARGET_NAME)";
				TEST_HOST = "$(BUILT_PRODUCTS_DIR)/UIImagePickerControllerCamera.app/UIImagePickerControllerCamera";
			};
			name = Release;
		};
/* End XCBuildConfiguration section */

/* Begin XCConfigurationList section */
		0732A69C1A3634BC00F6CEC3 /* Build configuration list for PBXProject "UIImagePickerControllerCamera" */ = {
			isa = XCConfigurationList;
			buildConfigurations = (
				0732A6BE1A3634BC00F6CEC3 /* Debug */,
				0732A6BF1A3634BC00F6CEC3 /* Release */,
			);
			defaultConfigurationIsVisible = 0;
			defaultConfigurationName = Release;
		};
		0732A6C01A3634BC00F6CEC3 /* Build configuration list for PBXNativeTarget "UIImagePickerControllerCamera" */ = {
			isa = XCConfigurationList;
			buildConfigurations = (
				0732A6C11A3634BC00F6CEC3 /* Debug */,
				0732A6C21A3634BC00F6CEC3 /* Release */,
			);
			defaultConfigurationIsVisible = 0;
		};
		0732A6C31A3634BC00F6CEC3 /* Build configuration list for PBXNativeTarget "UIImagePickerControllerCameraTests" */ = {
			isa = XCConfigurationList;
			buildConfigurations = (
				0732A6C41A3634BC00F6CEC3 /* Debug */,
				0732A6C51A3634BC00F6CEC3 /* Release */,
			);
			defaultConfigurationIsVisible = 0;
		};
/* End XCConfigurationList section */
	};
	rootObject = 0732A6991A3634BC00F6CEC3 /* Project object */;
}
