// !$*UTF8*$!
{
	archiveVersion = 1;
	classes = {
	};
	objectVersion = 46;
	objects = {

/* Begin PBXBuildFile section */
		075FD43F1A34CEBD00513A3A /* AppDelegate.swift in Sources */ = {isa = PBXBuildFile; fileRef = 075FD43E1A34CEBD00513A3A /* AppDelegate.swift */; };
		075FD4411A34CEBD00513A3A /* ViewController.swift in Sources */ = {isa = PBXBuildFile; fileRef = 075FD4401A34CEBD00513A3A /* ViewController.swift */; };
		075FD4441A34CEBD00513A3A /* Main.storyboard in Resources */ = {isa = PBXBuildFile; fileRef = 075FD4421A34CEBD00513A3A /* Main.storyboard */; };
		075FD4461A34CEBD00513A3A /* Images.xcassets in Resources */ = {isa = PBXBuildFile; fileRef = 075FD4451A34CEBD00513A3A /* Images.xcassets */; };
		075FD4491A34CEBD00513A3A /* LaunchScreen.xib in Resources */ = {isa = PBXBuildFile; fileRef = 075FD4471A34CEBD00513A3A /* LaunchScreen.xib */; };
		075FD4551A34CEBD00513A3A /* iAdFrameworkTests.swift in Sources */ = {isa = PBXBuildFile; fileRef = 075FD4541A34CEBD00513A3A /* iAdFrameworkTests.swift */; };
		075FD45F1A34CF1900513A3A /* iAd.framework in Frameworks */ = {isa = PBXBuildFile; fileRef = 075FD45E1A34CF1900513A3A /* iAd.framework */; };
/* End PBXBuildFile section */

/* Begin PBXContainerItemProxy section */
		075FD44F1A34CEBD00513A3A /* PBXContainerItemProxy */ = {
			isa = PBXContainerItemProxy;
			containerPortal = 075FD4311A34CEBD00513A3A /* Project object */;
			proxyType = 1;
			remoteGlobalIDString = 075FD4381A34CEBD00513A3A;
			remoteInfo = iAdFramework;
		};
/* End PBXContainerItemProxy section */

/* Begin PBXFileReference section */
		075FD4391A34CEBD00513A3A /* iAdFramework.app */ = {isa = PBXFileReference; explicitFileType = wrapper.application; includeInIndex = 0; path = iAdFramework.app; sourceTree = BUILT_PRODUCTS_DIR; };
		075FD43D1A34CEBD00513A3A /* Info.plist */ = {isa = PBXFileReference; lastKnownFileType = text.plist.xml; path = Info.plist; sourceTree = "<group>"; };
		075FD43E1A34CEBD00513A3A /* AppDelegate.swift */ = {isa = PBXFileReference; lastKnownFileType = sourcecode.swift; path = AppDelegate.swift; sourceTree = "<group>"; };
		075FD4401A34CEBD00513A3A /* ViewController.swift */ = {isa = PBXFileReference; lastKnownFileType = sourcecode.swift; path = ViewController.swift; sourceTree = "<group>"; };
		075FD4431A34CEBD00513A3A /* Base */ = {isa = PBXFileReference; lastKnownFileType = file.storyboard; name = Base; path = Base.lproj/Main.storyboard; sourceTree = "<group>"; };
		075FD4451A34CEBD00513A3A /* Images.xcassets */ = {isa = PBXFileReference; lastKnownFileType = folder.assetcatalog; path = Images.xcassets; sourceTree = "<group>"; };
		075FD4481A34CEBD00513A3A /* Base */ = {isa = PBXFileReference; lastKnownFileType = file.xib; name = Base; path = Base.lproj/LaunchScreen.xib; sourceTree = "<group>"; };
		075FD44E1A34CEBD00513A3A /* iAdFrameworkTests.xctest */ = {isa = PBXFileReference; explicitFileType = wrapper.cfbundle; includeInIndex = 0; path = iAdFrameworkTests.xctest; sourceTree = BUILT_PRODUCTS_DIR; };
		075FD4531A34CEBD00513A3A /* Info.plist */ = {isa = PBXFileReference; lastKnownFileType = text.plist.xml; path = Info.plist; sourceTree = "<group>"; };
		075FD4541A34CEBD00513A3A /* iAdFrameworkTests.swift */ = {isa = PBXFileReference; lastKnownFileType = sourcecode.swift; path = iAdFrameworkTests.swift; sourceTree = "<group>"; };
		075FD45E1A34CF1900513A3A /* iAd.framework */ = {isa = PBXFileReference; lastKnownFileType = wrapper.framework; name = iAd.framework; path = System/Library/Frameworks/iAd.framework; sourceTree = SDKROOT; };
/* End PBXFileReference section */

/* Begin PBXFrameworksBuildPhase section */
		075FD4361A34CEBD00513A3A /* Frameworks */ = {
			isa = PBXFrameworksBuildPhase;
			buildActionMask = 2147483647;
			files = (
				075FD45F1A34CF1900513A3A /* iAd.framework in Frameworks */,
			);
			runOnlyForDeploymentPostprocessing = 0;
		};
		075FD44B1A34CEBD00513A3A /* Frameworks */ = {
			isa = PBXFrameworksBuildPhase;
			buildActionMask = 2147483647;
			files = (
			);
			runOnlyForDeploymentPostprocessing = 0;
		};
/* End PBXFrameworksBuildPhase section */

/* Begin PBXGroup section */
		075FD4301A34CEBD00513A3A = {
			isa = PBXGroup;
			children = (
				075FD45E1A34CF1900513A3A /* iAd.framework */,
				075FD43B1A34CEBD00513A3A /* iAdFramework */,
				075FD4511A34CEBD00513A3A /* iAdFrameworkTests */,
				075FD43A1A34CEBD00513A3A /* Products */,
			);
			sourceTree = "<group>";
		};
		075FD43A1A34CEBD00513A3A /* Products */ = {
			isa = PBXGroup;
			children = (
				075FD4391A34CEBD00513A3A /* iAdFramework.app */,
				075FD44E1A34CEBD00513A3A /* iAdFrameworkTests.xctest */,
			);
			name = Products;
			sourceTree = "<group>";
		};
		075FD43B1A34CEBD00513A3A /* iAdFramework */ = {
			isa = PBXGroup;
			children = (
				075FD43E1A34CEBD00513A3A /* AppDelegate.swift */,
				075FD4401A34CEBD00513A3A /* ViewController.swift */,
				075FD4421A34CEBD00513A3A /* Main.storyboard */,
				075FD4451A34CEBD00513A3A /* Images.xcassets */,
				075FD4471A34CEBD00513A3A /* LaunchScreen.xib */,
				075FD43C1A34CEBD00513A3A /* Supporting Files */,
			);
			path = iAdFramework;
			sourceTree = "<group>";
		};
		075FD43C1A34CEBD00513A3A /* Supporting Files */ = {
			isa = PBXGroup;
			children = (
				075FD43D1A34CEBD00513A3A /* Info.plist */,
			);
			name = "Supporting Files";
			sourceTree = "<group>";
		};
		075FD4511A34CEBD00513A3A /* iAdFrameworkTests */ = {
			isa = PBXGroup;
			children = (
				075FD4541A34CEBD00513A3A /* iAdFrameworkTests.swift */,
				075FD4521A34CEBD00513A3A /* Supporting Files */,
			);
			path = iAdFrameworkTests;
			sourceTree = "<group>";
		};
		075FD4521A34CEBD00513A3A /* Supporting Files */ = {
			isa = PBXGroup;
			children = (
				075FD4531A34CEBD00513A3A /* Info.plist */,
			);
			name = "Supporting Files";
			sourceTree = "<group>";
		};
/* End PBXGroup section */

/* Begin PBXNativeTarget section */
		075FD4381A34CEBD00513A3A /* iAdFramework */ = {
			isa = PBXNativeTarget;
			buildConfigurationList = 075FD4581A34CEBD00513A3A /* Build configuration list for PBXNativeTarget "iAdFramework" */;
			buildPhases = (
				075FD4351A34CEBD00513A3A /* Sources */,
				075FD4361A34CEBD00513A3A /* Frameworks */,
				075FD4371A34CEBD00513A3A /* Resources */,
			);
			buildRules = (
			);
			dependencies = (
			);
			name = iAdFramework;
			productName = iAdFramework;
			productReference = 075FD4391A34CEBD00513A3A /* iAdFramework.app */;
			productType = "com.apple.product-type.application";
		};
		075FD44D1A34CEBD00513A3A /* iAdFrameworkTests */ = {
			isa = PBXNativeTarget;
			buildConfigurationList = 075FD45B1A34CEBD00513A3A /* Build configuration list for PBXNativeTarget "iAdFrameworkTests" */;
			buildPhases = (
				075FD44A1A34CEBD00513A3A /* Sources */,
				075FD44B1A34CEBD00513A3A /* Frameworks */,
				075FD44C1A34CEBD00513A3A /* Resources */,
			);
			buildRules = (
			);
			dependencies = (
				075FD4501A34CEBD00513A3A /* PBXTargetDependency */,
			);
			name = iAdFrameworkTests;
			productName = iAdFrameworkTests;
			productReference = 075FD44E1A34CEBD00513A3A /* iAdFrameworkTests.xctest */;
			productType = "com.apple.product-type.bundle.unit-test";
		};
/* End PBXNativeTarget section */

/* Begin PBXProject section */
		075FD4311A34CEBD00513A3A /* Project object */ = {
			isa = PBXProject;
			attributes = {
				LastUpgradeCheck = 0610;
				ORGANIZATIONNAME = "Carlos Butron";
				TargetAttributes = {
					075FD4381A34CEBD00513A3A = {
						CreatedOnToolsVersion = 6.1;
					};
					075FD44D1A34CEBD00513A3A = {
						CreatedOnToolsVersion = 6.1;
						TestTargetID = 075FD4381A34CEBD00513A3A;
					};
				};
			};
			buildConfigurationList = 075FD4341A34CEBD00513A3A /* Build configuration list for PBXProject "iAdFramework" */;
			compatibilityVersion = "Xcode 3.2";
			developmentRegion = English;
			hasScannedForEncodings = 0;
			knownRegions = (
				en,
				Base,
			);
			mainGroup = 075FD4301A34CEBD00513A3A;
			productRefGroup = 075FD43A1A34CEBD00513A3A /* Products */;
			projectDirPath = "";
			projectRoot = "";
			targets = (
				075FD4381A34CEBD00513A3A /* iAdFramework */,
				075FD44D1A34CEBD00513A3A /* iAdFrameworkTests */,
			);
		};
/* End PBXProject section */

/* Begin PBXResourcesBuildPhase section */
		075FD4371A34CEBD00513A3A /* Resources */ = {
			isa = PBXResourcesBuildPhase;
			buildActionMask = 2147483647;
			files = (
				075FD4441A34CEBD00513A3A /* Main.storyboard in Resources */,
				075FD4491A34CEBD00513A3A /* LaunchScreen.xib in Resources */,
				075FD4461A34CEBD00513A3A /* Images.xcassets in Resources */,
			);
			runOnlyForDeploymentPostprocessing = 0;
		};
		075FD44C1A34CEBD00513A3A /* Resources */ = {
			isa = PBXResourcesBuildPhase;
			buildActionMask = 2147483647;
			files = (
			);
			runOnlyForDeploymentPostprocessing = 0;
		};
/* End PBXResourcesBuildPhase section */

/* Begin PBXSourcesBuildPhase section */
		075FD4351A34CEBD00513A3A /* Sources */ = {
			isa = PBXSourcesBuildPhase;
			buildActionMask = 2147483647;
			files = (
				075FD4411A34CEBD00513A3A /* ViewController.swift in Sources */,
				075FD43F1A34CEBD00513A3A /* AppDelegate.swift in Sources */,
			);
			runOnlyForDeploymentPostprocessing = 0;
		};
		075FD44A1A34CEBD00513A3A /* Sources */ = {
			isa = PBXSourcesBuildPhase;
			buildActionMask = 2147483647;
			files = (
				075FD4551A34CEBD00513A3A /* iAdFrameworkTests.swift in Sources */,
			);
			runOnlyForDeploymentPostprocessing = 0;
		};
/* End PBXSourcesBuildPhase section */

/* Begin PBXTargetDependency section */
		075FD4501A34CEBD00513A3A /* PBXTargetDependency */ = {
			isa = PBXTargetDependency;
			target = 075FD4381A34CEBD00513A3A /* iAdFramework */;
			targetProxy = 075FD44F1A34CEBD00513A3A /* PBXContainerItemProxy */;
		};
/* End PBXTargetDependency section */

/* Begin PBXVariantGroup section */
		075FD4421A34CEBD00513A3A /* Main.storyboard */ = {
			isa = PBXVariantGroup;
			children = (
				075FD4431A34CEBD00513A3A /* Base */,
			);
			name = Main.storyboard;
			sourceTree = "<group>";
		};
		075FD4471A34CEBD00513A3A /* LaunchScreen.xib */ = {
			isa = PBXVariantGroup;
			children = (
				075FD4481A34CEBD00513A3A /* Base */,
			);
			name = LaunchScreen.xib;
			sourceTree = "<group>";
		};
/* End PBXVariantGroup section */

/* Begin XCBuildConfiguration section */
		075FD4561A34CEBD00513A3A /* Debug */ = {
			isa = XCBuildConfiguration;
			buildSettings = {
				ALWAYS_SEARCH_USER_PATHS = NO;
				CLANG_CXX_LANGUAGE_STANDARD = "gnu++0x";
				CLANG_CXX_LIBRARY = "libc++";
				CLANG_ENABLE_MODULES = YES;
				CLANG_ENABLE_OBJC_ARC = YES;
				CLANG_WARN_BOOL_CONVERSION = YES;
				CLANG_WARN_CONSTANT_CONVERSION = YES;
				CLANG_WARN_DIRECT_OBJC_ISA_USAGE = YES_ERROR;
				CLANG_WARN_EMPTY_BODY = YES;
				CLANG_WARN_ENUM_CONVERSION = YES;
				CLANG_WARN_INT_CONVERSION = YES;
				CLANG_WARN_OBJC_ROOT_CLASS = YES_ERROR;
				CLANG_WARN_UNREACHABLE_CODE = YES;
				CLANG_WARN__DUPLICATE_METHOD_MATCH = YES;
				"CODE_SIGN_IDENTITY[sdk=iphoneos*]" = "iPhone Developer";
				COPY_PHASE_STRIP = NO;
				ENABLE_STRICT_OBJC_MSGSEND = YES;
				GCC_C_LANGUAGE_STANDARD = gnu99;
				GCC_DYNAMIC_NO_PIC = NO;
				GCC_OPTIMIZATION_LEVEL = 0;
				GCC_PREPROCESSOR_DEFINITIONS = (
					"DEBUG=1",
					"$(inherited)",
				);
				GCC_SYMBOLS_PRIVATE_EXTERN = NO;
				GCC_WARN_64_TO_32_BIT_CONVERSION = YES;
				GCC_WARN_ABOUT_RETURN_TYPE = YES_ERROR;
				GCC_WARN_UNDECLARED_SELECTOR = YES;
				GCC_WARN_UNINITIALIZED_AUTOS = YES_AGGRESSIVE;
				GCC_WARN_UNUSED_FUNCTION = YES;
				GCC_WARN_UNUSED_VARIABLE = YES;
				IPHONEOS_DEPLOYMENT_TARGET = 8.1;
				MTL_ENABLE_DEBUG_INFO = YES;
				ONLY_ACTIVE_ARCH = YES;
				SDKROOT = iphoneos;
				SWIFT_OPTIMIZATION_LEVEL = "-Onone";
			};
			name = Debug;
		};
		075FD4571A34CEBD00513A3A /* Release */ = {
			isa = XCBuildConfiguration;
			buildSettings = {
				ALWAYS_SEARCH_USER_PATHS = NO;
				CLANG_CXX_LANGUAGE_STANDARD = "gnu++0x";
				CLANG_CXX_LIBRARY = "libc++";
				CLANG_ENABLE_MODULES = YES;
				CLANG_ENABLE_OBJC_ARC = YES;
				CLANG_WARN_BOOL_CONVERSION = YES;
				CLANG_WARN_CONSTANT_CONVERSION = YES;
				CLANG_WARN_DIRECT_OBJC_ISA_USAGE = YES_ERROR;
				CLANG_WARN_EMPTY_BODY = YES;
				CLANG_WARN_ENUM_CONVERSION = YES;
				CLANG_WARN_INT_CONVERSION = YES;
				CLANG_WARN_OBJC_ROOT_CLASS = YES_ERROR;
				CLANG_WARN_UNREACHABLE_CODE = YES;
				CLANG_WARN__DUPLICATE_METHOD_MATCH = YES;
				"CODE_SIGN_IDENTITY[sdk=iphoneos*]" = "iPhone Developer";
				COPY_PHASE_STRIP = YES;
				ENABLE_NS_ASSERTIONS = NO;
				ENABLE_STRICT_OBJC_MSGSEND = YES;
				GCC_C_LANGUAGE_STANDARD = gnu99;
				GCC_WARN_64_TO_32_BIT_CONVERSION = YES;
				GCC_WARN_ABOUT_RETURN_TYPE = YES_ERROR;
				GCC_WARN_UNDECLARED_SELECTOR = YES;
				GCC_WARN_UNINITIALIZED_AUTOS = YES_AGGRESSIVE;
				GCC_WARN_UNUSED_FUNCTION = YES;
				GCC_WARN_UNUSED_VARIABLE = YES;
				IPHONEOS_DEPLOYMENT_TARGET = 8.1;
				MTL_ENABLE_DEBUG_INFO = NO;
				SDKROOT = iphoneos;
				VALIDATE_PRODUCT = YES;
			};
			name = Release;
		};
		075FD4591A34CEBD00513A3A /* Debug */ = {
			isa = XCBuildConfiguration;
			buildSettings = {
				ASSETCATALOG_COMPILER_APPICON_NAME = AppIcon;
				INFOPLIST_FILE = iAdFramework/Info.plist;
				LD_RUNPATH_SEARCH_PATHS = "$(inherited) @executable_path/Frameworks";
				PRODUCT_NAME = "$(TARGET_NAME)";
			};
			name = Debug;
		};
		075FD45A1A34CEBD00513A3A /* Release */ = {
			isa = XCBuildConfiguration;
			buildSettings = {
				ASSETCATALOG_COMPILER_APPICON_NAME = AppIcon;
				INFOPLIST_FILE = iAdFramework/Info.plist;
				LD_RUNPATH_SEARCH_PATHS = "$(inherited) @executable_path/Frameworks";
				PRODUCT_NAME = "$(TARGET_NAME)";
			};
			name = Release;
		};
		075FD45C1A34CEBD00513A3A /* Debug */ = {
			isa = XCBuildConfiguration;
			buildSettings = {
				BUNDLE_LOADER = "$(TEST_HOST)";
				FRAMEWORK_SEARCH_PATHS = (
					"$(SDKROOT)/Developer/Library/Frameworks",
					"$(inherited)",
				);
				GCC_PREPROCESSOR_DEFINITIONS = (
					"DEBUG=1",
					"$(inherited)",
				);
				INFOPLIST_FILE = iAdFrameworkTests/Info.plist;
				LD_RUNPATH_SEARCH_PATHS = "$(inherited) @executable_path/Frameworks @loader_path/Frameworks";
				PRODUCT_NAME = "$(TARGET_NAME)";
				TEST_HOST = "$(BUILT_PRODUCTS_DIR)/iAdFramework.app/iAdFramework";
			};
			name = Debug;
		};
		075FD45D1A34CEBD00513A3A /* Release */ = {
			isa = XCBuildConfiguration;
			buildSettings = {
				BUNDLE_LOADER = "$(TEST_HOST)";
				FRAMEWORK_SEARCH_PATHS = (
					"$(SDKROOT)/Developer/Library/Frameworks",
					"$(inherited)",
				);
				INFOPLIST_FILE = iAdFrameworkTests/Info.plist;
				LD_RUNPATH_SEARCH_PATHS = "$(inherited) @executable_path/Frameworks @loader_path/Frameworks";
				PRODUCT_NAME = "$(TARGET_NAME)";
				TEST_HOST = "$(BUILT_PRODUCTS_DIR)/iAdFramework.app/iAdFramework";
			};
			name = Release;
		};
/* End XCBuildConfiguration section */

/* Begin XCConfigurationList section */
		075FD4341A34CEBD00513A3A /* Build configuration list for PBXProject "iAdFramework" */ = {
			isa = XCConfigurationList;
			buildConfigurations = (
				075FD4561A34CEBD00513A3A /* Debug */,
				075FD4571A34CEBD00513A3A /* Release */,
			);
			defaultConfigurationIsVisible = 0;
			defaultConfigurationName = Release;
		};
		075FD4581A34CEBD00513A3A /* Build configuration list for PBXNativeTarget "iAdFramework" */ = {
			isa = XCConfigurationList;
			buildConfigurations = (
				075FD4591A34CEBD00513A3A /* Debug */,
				075FD45A1A34CEBD00513A3A /* Release */,
			);
			defaultConfigurationIsVisible = 0;
		};
		075FD45B1A34CEBD00513A3A /* Build configuration list for PBXNativeTarget "iAdFrameworkTests" */ = {
			isa = XCConfigurationList;
			buildConfigurations = (
				075FD45C1A34CEBD00513A3A /* Debug */,
				075FD45D1A34CEBD00513A3A /* Release */,
			);
			defaultConfigurationIsVisible = 0;
		};
/* End XCConfigurationList section */
	};
	rootObject = 075FD4311A34CEBD00513A3A /* Project object */;
}
